// !$*UTF8*$!
{
	archiveVersion = 1;
	classes = {
	};
	objectVersion = 77;
	objects = {

/* Begin PBXBuildFile section */
		04F0FD3AD4EF743CBD8BB5AC /* ConversationStore.swift in Sources */ = {isa = PBXBuildFile; fileRef = 015ED509F6C0355826F4C47E /* ConversationStore.swift */; };
		08FB138313D1EC3412C3F20E /* ChatView.swift in Sources */ = {isa = PBXBuildFile; fileRef = 3784B2D589C11B07F162E081 /* ChatView.swift */; };
		111316843C98101D95B9912B /* DraftAttachment.swift in Sources */ = {isa = PBXBuildFile; fileRef = 63F99A4953300541E52CE55B /* DraftAttachment.swift */; };
		15E20C7AE7E5F1044C57AD4C /* MessageCache.swift in Sources */ = {isa = PBXBuildFile; fileRef = A9E51F90AF529EB74BF8AF13 /* MessageCache.swift */; };
		16F08295FEABD86492DF119B /* ContentView.swift in Sources */ = {isa = PBXBuildFile; fileRef = 8F8D87E938816ECB8B161DBD /* ContentView.swift */; };
		1893E8E0527760F1BA33302A /* MarkdownText.swift in Sources */ = {isa = PBXBuildFile; fileRef = 79BA0C6F1B3FEBDF845A2F74 /* MarkdownText.swift */; };
		1A1DCE4804FEC3BFCDBA3B05 /* ContextBuilder.swift in Sources */ = {isa = PBXBuildFile; fileRef = 3463D1D36ABB670A0DAC6243 /* ContextBuilder.swift */; };
		1F82065F678FCE50DD97667F /* OrbInputBar.swift in Sources */ = {isa = PBXBuildFile; fileRef = 6B165040849DF187E7D1113C /* OrbInputBar.swift */; };
		25CF2928D7A95077DF5F7FEF /* RightDrawerContent.swift in Sources */ = {isa = PBXBuildFile; fileRef = 3CBD576F66D1AFE2F6EAE842 /* RightDrawerContent.swift */; };
		298B9483C7C8766EF3A807D7 /* SpeechSynthesizer.swift in Sources */ = {isa = PBXBuildFile; fileRef = 1DEE7B678DE38F9253E0F483 /* SpeechSynthesizer.swift */; };
		2B5AD345B9E6DD536F03540D /* UnifiedInputBar.swift in Sources */ = {isa = PBXBuildFile; fileRef = D6B42F42A5AB27AFC0DD5943 /* UnifiedInputBar.swift */; };
		323B15E35E629EC77D90958C /* AttachmentBar.swift in Sources */ = {isa = PBXBuildFile; fileRef = 2C635D17DBD6BF940C89E024 /* AttachmentBar.swift */; };
		3502D3234561E8F256B9EAD5 /* JarvisApp.swift in Sources */ = {isa = PBXBuildFile; fileRef = 43CE7D6D0EB2FA4A6B041454 /* JarvisApp.swift */; };
		3B780D772FC0C9C43796F3F8 /* JarvisUITests.swift in Sources */ = {isa = PBXBuildFile; fileRef = 7E3F9C23834F32A5E7F85B01 /* JarvisUITests.swift */; };
		3BC3B261F475A3B3A3E3FF7B /* EmptyStateView.swift in Sources */ = {isa = PBXBuildFile; fileRef = 83D3D7941261E832088202BF /* EmptyStateView.swift */; };
		3C2899CEF9F5FC865E470679 /* MessageCacheDeliveryStatusTests.swift in Sources */ = {isa = PBXBuildFile; fileRef = AFAC0AC197B336538A3BB964 /* MessageCacheDeliveryStatusTests.swift */; };
		3C54FACBB07CA653BD1BE313 /* WebSocketClient.swift in Sources */ = {isa = PBXBuildFile; fileRef = 4FB3889146F12123FB99824E /* WebSocketClient.swift */; };
		3EB9B81E598895106D47F1DB /* FullScreenImageView.swift in Sources */ = {isa = PBXBuildFile; fileRef = E170C6CA46AA3734A80C81A2 /* FullScreenImageView.swift */; };
		3F712956E032728A955B67F8 /* HealthSync.swift in Sources */ = {isa = PBXBuildFile; fileRef = F5A055AF8989128A047D605C /* HealthSync.swift */; };
		40BD7B10477CDAA66330969D /* Theme.swift in Sources */ = {isa = PBXBuildFile; fileRef = 48A9578A316F0AB1F8247B95 /* Theme.swift */; };
		461CEB084ABB3FAFC32124BC /* SpeechManager.swift in Sources */ = {isa = PBXBuildFile; fileRef = E8D8F2B9D8F6461190029F75 /* SpeechManager.swift */; };
		496C7C87D93A74983F21EF54 /* InputBar.swift in Sources */ = {isa = PBXBuildFile; fileRef = 0B48F479168B41727E62B105 /* InputBar.swift */; };
		4C81E915D4CA0441EEA698DF /* HealthHistory.swift in Sources */ = {isa = PBXBuildFile; fileRef = 3DC04EA76CC0F89FF14E7849 /* HealthHistory.swift */; };
		4F6A7B2753439E98EEC8AB93 /* ContextBuilderTests.swift in Sources */ = {isa = PBXBuildFile; fileRef = 5114A888276D0E083FC387EB /* ContextBuilderTests.swift */; };
		54243BCC1655A76DE5E1F02F /* LocationManager.swift in Sources */ = {isa = PBXBuildFile; fileRef = BD51F238E46BCB805C742CEE /* LocationManager.swift */; };
		54CEE570C41AE7314548DBB8 /* CalendarManager.swift in Sources */ = {isa = PBXBuildFile; fileRef = D10CF5BBED79F3B2BAA5A0B9 /* CalendarManager.swift */; };
		5ED5035D7E3D50CCD815D5C7 /* HeaderStatusDot.swift in Sources */ = {isa = PBXBuildFile; fileRef = ADEAA45ED94FF8B7242FDE29 /* HeaderStatusDot.swift */; };
		6C12B47D35E55D7E04E09F4A /* AppSettings.swift in Sources */ = {isa = PBXBuildFile; fileRef = 3F4B9D1F796C301C15ED1A3D /* AppSettings.swift */; };
		808F62D50A3B14CCF3E62EA5 /* MessageRow.swift in Sources */ = {isa = PBXBuildFile; fileRef = 00895EA002A4092BA433AF4C /* MessageRow.swift */; };
		826C5F6B64FEBC1EE5A38CA4 /* ConnectionBanner.swift in Sources */ = {isa = PBXBuildFile; fileRef = E5DD83E71D9C3008ACBE81F2 /* ConnectionBanner.swift */; };
		82EC391AE9733FCE568A74B2 /* Conversation.swift in Sources */ = {isa = PBXBuildFile; fileRef = 84AF016CB0A330DFAE578226 /* Conversation.swift */; };
		87AD40BFC10B1D04342B5E9D /* EmojiPickerView.swift in Sources */ = {isa = PBXBuildFile; fileRef = 83BBF8E04395E33F04CDE186 /* EmojiPickerView.swift */; };
		88708A700369B47D5472A1C2 /* OrbHomeView.swift in Sources */ = {isa = PBXBuildFile; fileRef = B254569C52137C9E716B3DCD /* OrbHomeView.swift */; };
		8CF67025E9C5AC703F0F422B /* Message.swift in Sources */ = {isa = PBXBuildFile; fileRef = 9592AD08ED6648DF9CCC7149 /* Message.swift */; };
		8EF779EFE913FF2D83DCD064 /* ConversationListView.swift in Sources */ = {isa = PBXBuildFile; fileRef = 150EEF8B8206EF52F1EB8A36 /* ConversationListView.swift */; };
		91941E7469BF57E69F4C9DE2 /* HealthManager.swift in Sources */ = {isa = PBXBuildFile; fileRef = FE1A573133241875D7269CED /* HealthManager.swift */; };
		974A0C8C09364FC532E6BEE1 /* SuggestionEngine.swift in Sources */ = {isa = PBXBuildFile; fileRef = ABDA888C65A72DD99A311CC2 /* SuggestionEngine.swift */; };
		98F737F103D466758E1DAE3D /* ProfileView.swift in Sources */ = {isa = PBXBuildFile; fileRef = 3D05F9A8E1DD2C726DCF0259 /* ProfileView.swift */; };
		A5F8C491F5747A1968B734A1 /* HealthRequests.swift in Sources */ = {isa = PBXBuildFile; fileRef = 6A7B2AACD776CE3B037E3691 /* HealthRequests.swift */; };
		AB195528E2E52EF95829AB22 /* DrawerTests.swift in Sources */ = {isa = PBXBuildFile; fileRef = D41E5046B3DE1B4DDBB58D90 /* DrawerTests.swift */; };
		B065348C458302F95325E16F /* ThinkingRowTests.swift in Sources */ = {isa = PBXBuildFile; fileRef = 05AA5A25FF72A993B2BA61E6 /* ThinkingRowTests.swift */; };
		B53C92F62A47B0340DA0F933 /* ConnectivityMonitor.swift in Sources */ = {isa = PBXBuildFile; fileRef = 3C6A33B378AA0CC36F2DE37A /* ConnectivityMonitor.swift */; };
		B7F597A6F3ABDE38490D9F4E /* ConversationAction.swift in Sources */ = {isa = PBXBuildFile; fileRef = 229634FFA1E272144B82BEEB /* ConversationAction.swift */; };
		B88D79F57FB96DD1EE3F983E /* MiniOrbView.swift in Sources */ = {isa = PBXBuildFile; fileRef = B6BD1E4ABB502A83CDD29883 /* MiniOrbView.swift */; };
		BA63D1A5A6AFDD559D9911A0 /* HeaderStatusDotTests.swift in Sources */ = {isa = PBXBuildFile; fileRef = 44C051ECA1BBC173253E5FF4 /* HeaderStatusDotTests.swift */; };
		BBB120F4935F0F45BA0CB826 /* DeliveryChecks.swift in Sources */ = {isa = PBXBuildFile; fileRef = F5420CA4F9BA4C813FF9E90B /* DeliveryChecks.swift */; };
		BF081A3591467809EC839078 /* SettingsView.swift in Sources */ = {isa = PBXBuildFile; fileRef = 2AF10B991F6600D17760B644 /* SettingsView.swift */; };
		C9CCC846FD80EAC5E168DE96 /* WebSocketClientOutboxTests.swift in Sources */ = {isa = PBXBuildFile; fileRef = 1FDCB3DAD06D3F28940A4369 /* WebSocketClientOutboxTests.swift */; };
		CB6576F08C01F04D5D766774 /* HeartbeatTests.swift in Sources */ = {isa = PBXBuildFile; fileRef = 75822B5A2FE1920CA3058B48 /* HeartbeatTests.swift */; };
		CEDBAE9FAEC01EA3E2B4D17E /* OutboxStoreTests.swift in Sources */ = {isa = PBXBuildFile; fileRef = 34055B05F8F79D7466F877DF /* OutboxStoreTests.swift */; };
		D1DEC103DC8758862B4FEF8A /* HealthUpload.swift in Sources */ = {isa = PBXBuildFile; fileRef = F0C84294434D6D5A3845BD5D /* HealthUpload.swift */; };
		D9D85A8E3CB2F7583D9CCBB7 /* CameraPicker.swift in Sources */ = {isa = PBXBuildFile; fileRef = 9F0295CB82FF20C8764842F6 /* CameraPicker.swift */; };
		E245CC67857A2E7A34987A8E /* OutboxStore.swift in Sources */ = {isa = PBXBuildFile; fileRef = C6CA65BDC41BA8B24F8209E5 /* OutboxStore.swift */; };
		E653E1C200C705930FF7958A /* OrbView.swift in Sources */ = {isa = PBXBuildFile; fileRef = 0878BB56B60BF7ED18D7A4E3 /* OrbView.swift */; };
		ECABEF30369E237C4C4EFDA1 /* Assets.xcassets in Resources */ = {isa = PBXBuildFile; fileRef = 9143ED9DD7B640862D468B63 /* Assets.xcassets */; };
		EE49457CC13C07D3BF6CCEDD /* DeliveryChecksTests.swift in Sources */ = {isa = PBXBuildFile; fileRef = 24959CB110C9FBD30D2717F6 /* DeliveryChecksTests.swift */; };
		F25913DEABB1C45EC25092C1 /* WebSocketClientBusyTests.swift in Sources */ = {isa = PBXBuildFile; fileRef = 60C2993F84719DC44B59A9ED /* WebSocketClientBusyTests.swift */; };
		F41988AFB951764121A3B9D6 /* AppCoordinator.swift in Sources */ = {isa = PBXBuildFile; fileRef = E1E7FBAD4AE7AF8E526AC62E /* AppCoordinator.swift */; };
/* End PBXBuildFile section */

/* Begin PBXContainerItemProxy section */
		79F756AC1AF2D1E3D1048A9B /* PBXContainerItemProxy */ = {
			isa = PBXContainerItemProxy;
			containerPortal = 7DB0DAB8DB97C1CD818BB48F /* Project object */;
			proxyType = 1;
			remoteGlobalIDString = CE37E25EDF3A9F2A5BDA9298;
			remoteInfo = JarvisApp;
		};
		A8D27FD14C2CAA2E6F601432 /* PBXContainerItemProxy */ = {
			isa = PBXContainerItemProxy;
			containerPortal = 7DB0DAB8DB97C1CD818BB48F /* Project object */;
			proxyType = 1;
			remoteGlobalIDString = CE37E25EDF3A9F2A5BDA9298;
			remoteInfo = JarvisApp;
		};
/* End PBXContainerItemProxy section */

/* Begin PBXFileReference section */
		00895EA002A4092BA433AF4C /* MessageRow.swift */ = {isa = PBXFileReference; lastKnownFileType = sourcecode.swift; path = MessageRow.swift; sourceTree = "<group>"; };
		015ED509F6C0355826F4C47E /* ConversationStore.swift */ = {isa = PBXFileReference; lastKnownFileType = sourcecode.swift; path = ConversationStore.swift; sourceTree = "<group>"; };
		05AA5A25FF72A993B2BA61E6 /* ThinkingRowTests.swift */ = {isa = PBXFileReference; lastKnownFileType = sourcecode.swift; path = ThinkingRowTests.swift; sourceTree = "<group>"; };
		0878BB56B60BF7ED18D7A4E3 /* OrbView.swift */ = {isa = PBXFileReference; lastKnownFileType = sourcecode.swift; path = OrbView.swift; sourceTree = "<group>"; };
		0B48F479168B41727E62B105 /* InputBar.swift */ = {isa = PBXFileReference; lastKnownFileType = sourcecode.swift; path = InputBar.swift; sourceTree = "<group>"; };
		150EEF8B8206EF52F1EB8A36 /* ConversationListView.swift */ = {isa = PBXFileReference; lastKnownFileType = sourcecode.swift; path = ConversationListView.swift; sourceTree = "<group>"; };
		1DEE7B678DE38F9253E0F483 /* SpeechSynthesizer.swift */ = {isa = PBXFileReference; lastKnownFileType = sourcecode.swift; path = SpeechSynthesizer.swift; sourceTree = "<group>"; };
		1FDCB3DAD06D3F28940A4369 /* WebSocketClientOutboxTests.swift */ = {isa = PBXFileReference; lastKnownFileType = sourcecode.swift; path = WebSocketClientOutboxTests.swift; sourceTree = "<group>"; };
		229634FFA1E272144B82BEEB /* ConversationAction.swift */ = {isa = PBXFileReference; lastKnownFileType = sourcecode.swift; path = ConversationAction.swift; sourceTree = "<group>"; };
		24959CB110C9FBD30D2717F6 /* DeliveryChecksTests.swift */ = {isa = PBXFileReference; lastKnownFileType = sourcecode.swift; path = DeliveryChecksTests.swift; sourceTree = "<group>"; };
		2AF10B991F6600D17760B644 /* SettingsView.swift */ = {isa = PBXFileReference; lastKnownFileType = sourcecode.swift; path = SettingsView.swift; sourceTree = "<group>"; };
		2C635D17DBD6BF940C89E024 /* AttachmentBar.swift */ = {isa = PBXFileReference; lastKnownFileType = sourcecode.swift; path = AttachmentBar.swift; sourceTree = "<group>"; };
		2D4B230E77EB04B73239A542 /* JarvisUITests.xctest */ = {isa = PBXFileReference; includeInIndex = 0; lastKnownFileType = wrapper.cfbundle; path = JarvisUITests.xctest; sourceTree = BUILT_PRODUCTS_DIR; };
		34055B05F8F79D7466F877DF /* OutboxStoreTests.swift */ = {isa = PBXFileReference; lastKnownFileType = sourcecode.swift; path = OutboxStoreTests.swift; sourceTree = "<group>"; };
		3463D1D36ABB670A0DAC6243 /* ContextBuilder.swift */ = {isa = PBXFileReference; lastKnownFileType = sourcecode.swift; path = ContextBuilder.swift; sourceTree = "<group>"; };
		3784B2D589C11B07F162E081 /* ChatView.swift */ = {isa = PBXFileReference; lastKnownFileType = sourcecode.swift; path = ChatView.swift; sourceTree = "<group>"; };
		3C6A33B378AA0CC36F2DE37A /* ConnectivityMonitor.swift */ = {isa = PBXFileReference; lastKnownFileType = sourcecode.swift; path = ConnectivityMonitor.swift; sourceTree = "<group>"; };
		3CBD576F66D1AFE2F6EAE842 /* RightDrawerContent.swift */ = {isa = PBXFileReference; lastKnownFileType = sourcecode.swift; path = RightDrawerContent.swift; sourceTree = "<group>"; };
		3D05F9A8E1DD2C726DCF0259 /* ProfileView.swift */ = {isa = PBXFileReference; lastKnownFileType = sourcecode.swift; path = ProfileView.swift; sourceTree = "<group>"; };
		3DC04EA76CC0F89FF14E7849 /* HealthHistory.swift */ = {isa = PBXFileReference; lastKnownFileType = sourcecode.swift; path = HealthHistory.swift; sourceTree = "<group>"; };
		3F4B9D1F796C301C15ED1A3D /* AppSettings.swift */ = {isa = PBXFileReference; lastKnownFileType = sourcecode.swift; path = AppSettings.swift; sourceTree = "<group>"; };
		43CE7D6D0EB2FA4A6B041454 /* JarvisApp.swift */ = {isa = PBXFileReference; lastKnownFileType = sourcecode.swift; path = JarvisApp.swift; sourceTree = "<group>"; };
		44C051ECA1BBC173253E5FF4 /* HeaderStatusDotTests.swift */ = {isa = PBXFileReference; lastKnownFileType = sourcecode.swift; path = HeaderStatusDotTests.swift; sourceTree = "<group>"; };
		48A9578A316F0AB1F8247B95 /* Theme.swift */ = {isa = PBXFileReference; lastKnownFileType = sourcecode.swift; path = Theme.swift; sourceTree = "<group>"; };
		4FB3889146F12123FB99824E /* WebSocketClient.swift */ = {isa = PBXFileReference; lastKnownFileType = sourcecode.swift; path = WebSocketClient.swift; sourceTree = "<group>"; };
		5114A888276D0E083FC387EB /* ContextBuilderTests.swift */ = {isa = PBXFileReference; lastKnownFileType = sourcecode.swift; path = ContextBuilderTests.swift; sourceTree = "<group>"; };
		60C2993F84719DC44B59A9ED /* WebSocketClientBusyTests.swift */ = {isa = PBXFileReference; lastKnownFileType = sourcecode.swift; path = WebSocketClientBusyTests.swift; sourceTree = "<group>"; };
		63F99A4953300541E52CE55B /* DraftAttachment.swift */ = {isa = PBXFileReference; lastKnownFileType = sourcecode.swift; path = DraftAttachment.swift; sourceTree = "<group>"; };
		6931A58F122A71990D09EF46 /* JarvisApp.app */ = {isa = PBXFileReference; includeInIndex = 0; lastKnownFileType = wrapper.application; path = JarvisApp.app; sourceTree = BUILT_PRODUCTS_DIR; };
		6A7B2AACD776CE3B037E3691 /* HealthRequests.swift */ = {isa = PBXFileReference; lastKnownFileType = sourcecode.swift; path = HealthRequests.swift; sourceTree = "<group>"; };
		6B165040849DF187E7D1113C /* OrbInputBar.swift */ = {isa = PBXFileReference; lastKnownFileType = sourcecode.swift; path = OrbInputBar.swift; sourceTree = "<group>"; };
		6F2F23DBFF6A1610BEE2FD31 /* .gitkeep */ = {isa = PBXFileReference; path = .gitkeep; sourceTree = "<group>"; };
		75822B5A2FE1920CA3058B48 /* HeartbeatTests.swift */ = {isa = PBXFileReference; lastKnownFileType = sourcecode.swift; path = HeartbeatTests.swift; sourceTree = "<group>"; };
		79BA0C6F1B3FEBDF845A2F74 /* MarkdownText.swift */ = {isa = PBXFileReference; lastKnownFileType = sourcecode.swift; path = MarkdownText.swift; sourceTree = "<group>"; };
		7E3F9C23834F32A5E7F85B01 /* JarvisUITests.swift */ = {isa = PBXFileReference; lastKnownFileType = sourcecode.swift; path = JarvisUITests.swift; sourceTree = "<group>"; };
		83BBF8E04395E33F04CDE186 /* EmojiPickerView.swift */ = {isa = PBXFileReference; lastKnownFileType = sourcecode.swift; path = EmojiPickerView.swift; sourceTree = "<group>"; };
		83D3D7941261E832088202BF /* EmptyStateView.swift */ = {isa = PBXFileReference; lastKnownFileType = sourcecode.swift; path = EmptyStateView.swift; sourceTree = "<group>"; };
		84AF016CB0A330DFAE578226 /* Conversation.swift */ = {isa = PBXFileReference; lastKnownFileType = sourcecode.swift; path = Conversation.swift; sourceTree = "<group>"; };
		8F8D87E938816ECB8B161DBD /* ContentView.swift */ = {isa = PBXFileReference; lastKnownFileType = sourcecode.swift; path = ContentView.swift; sourceTree = "<group>"; };
		9143ED9DD7B640862D468B63 /* Assets.xcassets */ = {isa = PBXFileReference; lastKnownFileType = folder.assetcatalog; path = Assets.xcassets; sourceTree = "<group>"; };
		9592AD08ED6648DF9CCC7149 /* Message.swift */ = {isa = PBXFileReference; lastKnownFileType = sourcecode.swift; path = Message.swift; sourceTree = "<group>"; };
		9F0295CB82FF20C8764842F6 /* CameraPicker.swift */ = {isa = PBXFileReference; lastKnownFileType = sourcecode.swift; path = CameraPicker.swift; sourceTree = "<group>"; };
		A9E51F90AF529EB74BF8AF13 /* MessageCache.swift */ = {isa = PBXFileReference; lastKnownFileType = sourcecode.swift; path = MessageCache.swift; sourceTree = "<group>"; };
		ABDA888C65A72DD99A311CC2 /* SuggestionEngine.swift */ = {isa = PBXFileReference; lastKnownFileType = sourcecode.swift; path = SuggestionEngine.swift; sourceTree = "<group>"; };
		ADEAA45ED94FF8B7242FDE29 /* HeaderStatusDot.swift */ = {isa = PBXFileReference; lastKnownFileType = sourcecode.swift; path = HeaderStatusDot.swift; sourceTree = "<group>"; };
		AFAC0AC197B336538A3BB964 /* MessageCacheDeliveryStatusTests.swift */ = {isa = PBXFileReference; lastKnownFileType = sourcecode.swift; path = MessageCacheDeliveryStatusTests.swift; sourceTree = "<group>"; };
		B254569C52137C9E716B3DCD /* OrbHomeView.swift */ = {isa = PBXFileReference; lastKnownFileType = sourcecode.swift; path = OrbHomeView.swift; sourceTree = "<group>"; };
		B3C4FB0DCE7115FB8C5039E7 /* JarvisAppTests.xctest */ = {isa = PBXFileReference; includeInIndex = 0; lastKnownFileType = wrapper.cfbundle; path = JarvisAppTests.xctest; sourceTree = BUILT_PRODUCTS_DIR; };
		B6BD1E4ABB502A83CDD29883 /* MiniOrbView.swift */ = {isa = PBXFileReference; lastKnownFileType = sourcecode.swift; path = MiniOrbView.swift; sourceTree = "<group>"; };
		BD51F238E46BCB805C742CEE /* LocationManager.swift */ = {isa = PBXFileReference; lastKnownFileType = sourcecode.swift; path = LocationManager.swift; sourceTree = "<group>"; };
		C6CA65BDC41BA8B24F8209E5 /* OutboxStore.swift */ = {isa = PBXFileReference; lastKnownFileType = sourcecode.swift; path = OutboxStore.swift; sourceTree = "<group>"; };
		D10CF5BBED79F3B2BAA5A0B9 /* CalendarManager.swift */ = {isa = PBXFileReference; lastKnownFileType = sourcecode.swift; path = CalendarManager.swift; sourceTree = "<group>"; };
		D41E5046B3DE1B4DDBB58D90 /* DrawerTests.swift */ = {isa = PBXFileReference; lastKnownFileType = sourcecode.swift; path = DrawerTests.swift; sourceTree = "<group>"; };
		D6B42F42A5AB27AFC0DD5943 /* UnifiedInputBar.swift */ = {isa = PBXFileReference; lastKnownFileType = sourcecode.swift; path = UnifiedInputBar.swift; sourceTree = "<group>"; };
		E170C6CA46AA3734A80C81A2 /* FullScreenImageView.swift */ = {isa = PBXFileReference; lastKnownFileType = sourcecode.swift; path = FullScreenImageView.swift; sourceTree = "<group>"; };
		E1E7FBAD4AE7AF8E526AC62E /* AppCoordinator.swift */ = {isa = PBXFileReference; lastKnownFileType = sourcecode.swift; path = AppCoordinator.swift; sourceTree = "<group>"; };
		E5DD83E71D9C3008ACBE81F2 /* ConnectionBanner.swift */ = {isa = PBXFileReference; lastKnownFileType = sourcecode.swift; path = ConnectionBanner.swift; sourceTree = "<group>"; };
		E8D8F2B9D8F6461190029F75 /* SpeechManager.swift */ = {isa = PBXFileReference; lastKnownFileType = sourcecode.swift; path = SpeechManager.swift; sourceTree = "<group>"; };
		F0C84294434D6D5A3845BD5D /* HealthUpload.swift */ = {isa = PBXFileReference; lastKnownFileType = sourcecode.swift; path = HealthUpload.swift; sourceTree = "<group>"; };
		F5420CA4F9BA4C813FF9E90B /* DeliveryChecks.swift */ = {isa = PBXFileReference; lastKnownFileType = sourcecode.swift; path = DeliveryChecks.swift; sourceTree = "<group>"; };
		F5A055AF8989128A047D605C /* HealthSync.swift */ = {isa = PBXFileReference; lastKnownFileType = sourcecode.swift; path = HealthSync.swift; sourceTree = "<group>"; };
		FE1A573133241875D7269CED /* HealthManager.swift */ = {isa = PBXFileReference; lastKnownFileType = sourcecode.swift; path = HealthManager.swift; sourceTree = "<group>"; };
/* End PBXFileReference section */

/* Begin PBXGroup section */
		08FED5B7DD0903F841695517 /* JarvisApp */ = {
			isa = PBXGroup;
			children = (
				43CE7D6D0EB2FA4A6B041454 /* JarvisApp.swift */,
				375599C96F41C85EBA186CDD /* Components */,
				6A91EB93906C06261AF87B3F /* Models */,
				C956B7C72DFE52C7EACA126E /* Services */,
				40A764E96CD86A05C73ED4D1 /* Utility */,
				699E1B9953460F6945E81F1F /* Views */,
			);
			name = JarvisApp;
			path = Sources/JarvisApp;
			sourceTree = "<group>";
		};
		241DC7A9A2CF5BC2D04B1BB2 /* Products */ = {
			isa = PBXGroup;
			children = (
				6931A58F122A71990D09EF46 /* JarvisApp.app */,
				B3C4FB0DCE7115FB8C5039E7 /* JarvisAppTests.xctest */,
				2D4B230E77EB04B73239A542 /* JarvisUITests.xctest */,
			);
			name = Products;
			sourceTree = "<group>";
		};
		375599C96F41C85EBA186CDD /* Components */ = {
			isa = PBXGroup;
			children = (
				2C635D17DBD6BF940C89E024 /* AttachmentBar.swift */,
				9F0295CB82FF20C8764842F6 /* CameraPicker.swift */,
				E5DD83E71D9C3008ACBE81F2 /* ConnectionBanner.swift */,
				F5420CA4F9BA4C813FF9E90B /* DeliveryChecks.swift */,
				83BBF8E04395E33F04CDE186 /* EmojiPickerView.swift */,
				83D3D7941261E832088202BF /* EmptyStateView.swift */,
				ADEAA45ED94FF8B7242FDE29 /* HeaderStatusDot.swift */,
				0B48F479168B41727E62B105 /* InputBar.swift */,
				79BA0C6F1B3FEBDF845A2F74 /* MarkdownText.swift */,
				00895EA002A4092BA433AF4C /* MessageRow.swift */,
				B6BD1E4ABB502A83CDD29883 /* MiniOrbView.swift */,
				6B165040849DF187E7D1113C /* OrbInputBar.swift */,
				0878BB56B60BF7ED18D7A4E3 /* OrbView.swift */,
				D6B42F42A5AB27AFC0DD5943 /* UnifiedInputBar.swift */,
			);
			path = Components;
			sourceTree = "<group>";
		};
		40A764E96CD86A05C73ED4D1 /* Utility */ = {
			isa = PBXGroup;
			children = (
				3463D1D36ABB670A0DAC6243 /* ContextBuilder.swift */,
				ABDA888C65A72DD99A311CC2 /* SuggestionEngine.swift */,
				48A9578A316F0AB1F8247B95 /* Theme.swift */,
			);
			path = Utility;
			sourceTree = "<group>";
		};
		699E1B9953460F6945E81F1F /* Views */ = {
			isa = PBXGroup;
			children = (
				3784B2D589C11B07F162E081 /* ChatView.swift */,
				8F8D87E938816ECB8B161DBD /* ContentView.swift */,
				150EEF8B8206EF52F1EB8A36 /* ConversationListView.swift */,
				E170C6CA46AA3734A80C81A2 /* FullScreenImageView.swift */,
				B254569C52137C9E716B3DCD /* OrbHomeView.swift */,
				3D05F9A8E1DD2C726DCF0259 /* ProfileView.swift */,
				3CBD576F66D1AFE2F6EAE842 /* RightDrawerContent.swift */,
				2AF10B991F6600D17760B644 /* SettingsView.swift */,
			);
			path = Views;
			sourceTree = "<group>";
		};
		6A91EB93906C06261AF87B3F /* Models */ = {
			isa = PBXGroup;
			children = (
				3F4B9D1F796C301C15ED1A3D /* AppSettings.swift */,
				84AF016CB0A330DFAE578226 /* Conversation.swift */,
				229634FFA1E272144B82BEEB /* ConversationAction.swift */,
				63F99A4953300541E52CE55B /* DraftAttachment.swift */,
				9592AD08ED6648DF9CCC7149 /* Message.swift */,
			);
			path = Models;
			sourceTree = "<group>";
		};
		6DE5125DADE6709B05736E6D /* JarvisAppTests */ = {
			isa = PBXGroup;
			children = (
				6F2F23DBFF6A1610BEE2FD31 /* .gitkeep */,
				5114A888276D0E083FC387EB /* ContextBuilderTests.swift */,
				24959CB110C9FBD30D2717F6 /* DeliveryChecksTests.swift */,
				44C051ECA1BBC173253E5FF4 /* HeaderStatusDotTests.swift */,
				75822B5A2FE1920CA3058B48 /* HeartbeatTests.swift */,
				AFAC0AC197B336538A3BB964 /* MessageCacheDeliveryStatusTests.swift */,
				34055B05F8F79D7466F877DF /* OutboxStoreTests.swift */,
				60C2993F84719DC44B59A9ED /* WebSocketClientBusyTests.swift */,
				1FDCB3DAD06D3F28940A4369 /* WebSocketClientOutboxTests.swift */,
			);
			name = JarvisAppTests;
			path = Sources/JarvisAppTests;
			sourceTree = "<group>";
		};
		8CAED7961B65328860378087 /* JarvisUITests */ = {
			isa = PBXGroup;
			children = (
				D41E5046B3DE1B4DDBB58D90 /* DrawerTests.swift */,
				7E3F9C23834F32A5E7F85B01 /* JarvisUITests.swift */,
				05AA5A25FF72A993B2BA61E6 /* ThinkingRowTests.swift */,
			);
			name = JarvisUITests;
			path = Sources/JarvisUITests;
			sourceTree = "<group>";
		};
		C956B7C72DFE52C7EACA126E /* Services */ = {
			isa = PBXGroup;
			children = (
				E1E7FBAD4AE7AF8E526AC62E /* AppCoordinator.swift */,
				D10CF5BBED79F3B2BAA5A0B9 /* CalendarManager.swift */,
				3C6A33B378AA0CC36F2DE37A /* ConnectivityMonitor.swift */,
				015ED509F6C0355826F4C47E /* ConversationStore.swift */,
				3DC04EA76CC0F89FF14E7849 /* HealthHistory.swift */,
				FE1A573133241875D7269CED /* HealthManager.swift */,
				6A7B2AACD776CE3B037E3691 /* HealthRequests.swift */,
				F5A055AF8989128A047D605C /* HealthSync.swift */,
				F0C84294434D6D5A3845BD5D /* HealthUpload.swift */,
				BD51F238E46BCB805C742CEE /* LocationManager.swift */,
				A9E51F90AF529EB74BF8AF13 /* MessageCache.swift */,
				C6CA65BDC41BA8B24F8209E5 /* OutboxStore.swift */,
				E8D8F2B9D8F6461190029F75 /* SpeechManager.swift */,
				1DEE7B678DE38F9253E0F483 /* SpeechSynthesizer.swift */,
				4FB3889146F12123FB99824E /* WebSocketClient.swift */,
			);
			path = Services;
			sourceTree = "<group>";
		};
		FAB52A8BA94ED53024677170 = {
			isa = PBXGroup;
			children = (
				9143ED9DD7B640862D468B63 /* Assets.xcassets */,
				08FED5B7DD0903F841695517 /* JarvisApp */,
				6DE5125DADE6709B05736E6D /* JarvisAppTests */,
				8CAED7961B65328860378087 /* JarvisUITests */,
				241DC7A9A2CF5BC2D04B1BB2 /* Products */,
			);
			sourceTree = "<group>";
		};
/* End PBXGroup section */

/* Begin PBXNativeTarget section */
		133675270B7DCB5A6F83CB87 /* JarvisUITests */ = {
			isa = PBXNativeTarget;
			buildConfigurationList = C94490005BE139B4A734A6F1 /* Build configuration list for PBXNativeTarget "JarvisUITests" */;
			buildPhases = (
				19668B2A8E5DA1C53880DBF4 /* Sources */,
			);
			buildRules = (
			);
			dependencies = (
				5DC2B60EDD54732DB1AAAA97 /* PBXTargetDependency */,
			);
			name = JarvisUITests;
			packageProductDependencies = (
			);
			productName = JarvisUITests;
			productReference = 2D4B230E77EB04B73239A542 /* JarvisUITests.xctest */;
			productType = "com.apple.product-type.bundle.ui-testing";
		};
		CE37E25EDF3A9F2A5BDA9298 /* JarvisApp */ = {
			isa = PBXNativeTarget;
			buildConfigurationList = F0EBA81C0F5F79EA2F31CADD /* Build configuration list for PBXNativeTarget "JarvisApp" */;
			buildPhases = (
				6E8423563D0FD4F8B7DD421F /* Sources */,
				029DBF72E1B4032FA292F6EE /* Resources */,
			);
			buildRules = (
			);
			dependencies = (
			);
			name = JarvisApp;
			packageProductDependencies = (
			);
			productName = JarvisApp;
			productReference = 6931A58F122A71990D09EF46 /* JarvisApp.app */;
			productType = "com.apple.product-type.application";
		};
		D7529497E6C9A4267CD4764F /* JarvisAppTests */ = {
			isa = PBXNativeTarget;
			buildConfigurationList = 2F7FC497B524ADA3BE088E6B /* Build configuration list for PBXNativeTarget "JarvisAppTests" */;
			buildPhases = (
				C533AFEDAD01B9DA1BF74567 /* Sources */,
			);
			buildRules = (
			);
			dependencies = (
				AA26A3BA88789C6A170DB39B /* PBXTargetDependency */,
			);
			name = JarvisAppTests;
			packageProductDependencies = (
			);
			productName = JarvisAppTests;
			productReference = B3C4FB0DCE7115FB8C5039E7 /* JarvisAppTests.xctest */;
			productType = "com.apple.product-type.bundle.unit-test";
		};
/* End PBXNativeTarget section */

/* Begin PBXProject section */
		7DB0DAB8DB97C1CD818BB48F /* Project object */ = {
			isa = PBXProject;
			attributes = {
				BuildIndependentTargetsInParallel = YES;
				LastUpgradeCheck = 1430;
				TargetAttributes = {
					133675270B7DCB5A6F83CB87 = {
						DevelopmentTeam = 24Z6S27D7U;
						ProvisioningStyle = Automatic;
						TestTargetID = CE37E25EDF3A9F2A5BDA9298;
					};
					CE37E25EDF3A9F2A5BDA9298 = {
						DevelopmentTeam = 24Z6S27D7U;
						ProvisioningStyle = Automatic;
					};
					D7529497E6C9A4267CD4764F = {
						DevelopmentTeam = 24Z6S27D7U;
						ProvisioningStyle = Automatic;
					};
				};
			};
			buildConfigurationList = B4B55E25995F926AA11FA6BD /* Build configuration list for PBXProject "JarvisApp" */;
			developmentRegion = en;
			hasScannedForEncodings = 0;
			knownRegions = (
				Base,
				en,
			);
			mainGroup = FAB52A8BA94ED53024677170;
			minimizedProjectReferenceProxies = 1;
			preferredProjectObjectVersion = 77;
			productRefGroup = 241DC7A9A2CF5BC2D04B1BB2 /* Products */;
			projectDirPath = "";
			projectRoot = "";
			targets = (
				CE37E25EDF3A9F2A5BDA9298 /* JarvisApp */,
				D7529497E6C9A4267CD4764F /* JarvisAppTests */,
				133675270B7DCB5A6F83CB87 /* JarvisUITests */,
			);
		};
/* End PBXProject section */

/* Begin PBXResourcesBuildPhase section */
		029DBF72E1B4032FA292F6EE /* Resources */ = {
			isa = PBXResourcesBuildPhase;
			buildActionMask = 2147483647;
			files = (
				ECABEF30369E237C4C4EFDA1 /* Assets.xcassets in Resources */,
			);
			runOnlyForDeploymentPostprocessing = 0;
		};
/* End PBXResourcesBuildPhase section */

/* Begin PBXSourcesBuildPhase section */
		19668B2A8E5DA1C53880DBF4 /* Sources */ = {
			isa = PBXSourcesBuildPhase;
			buildActionMask = 2147483647;
			files = (
				AB195528E2E52EF95829AB22 /* DrawerTests.swift in Sources */,
				3B780D772FC0C9C43796F3F8 /* JarvisUITests.swift in Sources */,
				B065348C458302F95325E16F /* ThinkingRowTests.swift in Sources */,
			);
			runOnlyForDeploymentPostprocessing = 0;
		};
		6E8423563D0FD4F8B7DD421F /* Sources */ = {
			isa = PBXSourcesBuildPhase;
			buildActionMask = 2147483647;
			files = (
				F41988AFB951764121A3B9D6 /* AppCoordinator.swift in Sources */,
				6C12B47D35E55D7E04E09F4A /* AppSettings.swift in Sources */,
				323B15E35E629EC77D90958C /* AttachmentBar.swift in Sources */,
				54CEE570C41AE7314548DBB8 /* CalendarManager.swift in Sources */,
				D9D85A8E3CB2F7583D9CCBB7 /* CameraPicker.swift in Sources */,
				08FB138313D1EC3412C3F20E /* ChatView.swift in Sources */,
				826C5F6B64FEBC1EE5A38CA4 /* ConnectionBanner.swift in Sources */,
				B53C92F62A47B0340DA0F933 /* ConnectivityMonitor.swift in Sources */,
				16F08295FEABD86492DF119B /* ContentView.swift in Sources */,
				1A1DCE4804FEC3BFCDBA3B05 /* ContextBuilder.swift in Sources */,
				82EC391AE9733FCE568A74B2 /* Conversation.swift in Sources */,
				B7F597A6F3ABDE38490D9F4E /* ConversationAction.swift in Sources */,
				8EF779EFE913FF2D83DCD064 /* ConversationListView.swift in Sources */,
				04F0FD3AD4EF743CBD8BB5AC /* ConversationStore.swift in Sources */,
				BBB120F4935F0F45BA0CB826 /* DeliveryChecks.swift in Sources */,
				111316843C98101D95B9912B /* DraftAttachment.swift in Sources */,
				87AD40BFC10B1D04342B5E9D /* EmojiPickerView.swift in Sources */,
				3BC3B261F475A3B3A3E3FF7B /* EmptyStateView.swift in Sources */,
				3EB9B81E598895106D47F1DB /* FullScreenImageView.swift in Sources */,
				5ED5035D7E3D50CCD815D5C7 /* HeaderStatusDot.swift in Sources */,
				4C81E915D4CA0441EEA698DF /* HealthHistory.swift in Sources */,
				91941E7469BF57E69F4C9DE2 /* HealthManager.swift in Sources */,
				A5F8C491F5747A1968B734A1 /* HealthRequests.swift in Sources */,
				3F712956E032728A955B67F8 /* HealthSync.swift in Sources */,
				D1DEC103DC8758862B4FEF8A /* HealthUpload.swift in Sources */,
				496C7C87D93A74983F21EF54 /* InputBar.swift in Sources */,
				3502D3234561E8F256B9EAD5 /* JarvisApp.swift in Sources */,
				54243BCC1655A76DE5E1F02F /* LocationManager.swift in Sources */,
				1893E8E0527760F1BA33302A /* MarkdownText.swift in Sources */,
				8CF67025E9C5AC703F0F422B /* Message.swift in Sources */,
				15E20C7AE7E5F1044C57AD4C /* MessageCache.swift in Sources */,
				808F62D50A3B14CCF3E62EA5 /* MessageRow.swift in Sources */,
				B88D79F57FB96DD1EE3F983E /* MiniOrbView.swift in Sources */,
				88708A700369B47D5472A1C2 /* OrbHomeView.swift in Sources */,
				1F82065F678FCE50DD97667F /* OrbInputBar.swift in Sources */,
				E653E1C200C705930FF7958A /* OrbView.swift in Sources */,
				E245CC67857A2E7A34987A8E /* OutboxStore.swift in Sources */,
				98F737F103D466758E1DAE3D /* ProfileView.swift in Sources */,
				25CF2928D7A95077DF5F7FEF /* RightDrawerContent.swift in Sources */,
				BF081A3591467809EC839078 /* SettingsView.swift in Sources */,
				461CEB084ABB3FAFC32124BC /* SpeechManager.swift in Sources */,
				298B9483C7C8766EF3A807D7 /* SpeechSynthesizer.swift in Sources */,
				974A0C8C09364FC532E6BEE1 /* SuggestionEngine.swift in Sources */,
				40BD7B10477CDAA66330969D /* Theme.swift in Sources */,
				2B5AD345B9E6DD536F03540D /* UnifiedInputBar.swift in Sources */,
				3C54FACBB07CA653BD1BE313 /* WebSocketClient.swift in Sources */,
			);
			runOnlyForDeploymentPostprocessing = 0;
		};
		C533AFEDAD01B9DA1BF74567 /* Sources */ = {
			isa = PBXSourcesBuildPhase;
			buildActionMask = 2147483647;
			files = (
				4F6A7B2753439E98EEC8AB93 /* ContextBuilderTests.swift in Sources */,
				EE49457CC13C07D3BF6CCEDD /* DeliveryChecksTests.swift in Sources */,
				BA63D1A5A6AFDD559D9911A0 /* HeaderStatusDotTests.swift in Sources */,
				CB6576F08C01F04D5D766774 /* HeartbeatTests.swift in Sources */,
				3C2899CEF9F5FC865E470679 /* MessageCacheDeliveryStatusTests.swift in Sources */,
				CEDBAE9FAEC01EA3E2B4D17E /* OutboxStoreTests.swift in Sources */,
				F25913DEABB1C45EC25092C1 /* WebSocketClientBusyTests.swift in Sources */,
				C9CCC846FD80EAC5E168DE96 /* WebSocketClientOutboxTests.swift in Sources */,
			);
			runOnlyForDeploymentPostprocessing = 0;
		};
/* End PBXSourcesBuildPhase section */

/* Begin PBXTargetDependency section */
		5DC2B60EDD54732DB1AAAA97 /* PBXTargetDependency */ = {
			isa = PBXTargetDependency;
			target = CE37E25EDF3A9F2A5BDA9298 /* JarvisApp */;
			targetProxy = 79F756AC1AF2D1E3D1048A9B /* PBXContainerItemProxy */;
		};
		AA26A3BA88789C6A170DB39B /* PBXTargetDependency */ = {
			isa = PBXTargetDependency;
			target = CE37E25EDF3A9F2A5BDA9298 /* JarvisApp */;
			targetProxy = A8D27FD14C2CAA2E6F601432 /* PBXContainerItemProxy */;
		};
/* End PBXTargetDependency section */

/* Begin XCBuildConfiguration section */
		09CA5CFC2A58CE130E4CF8AD /* Release */ = {
			isa = XCBuildConfiguration;
			buildSettings = {
				ASSETCATALOG_COMPILER_APPICON_NAME = AppIcon;
				CODE_SIGN_ENTITLEMENTS = JarvisApp.entitlements;
				CODE_SIGN_IDENTITY = "iPhone Developer";
				CODE_SIGN_STYLE = Automatic;
				DEVELOPMENT_TEAM = 24Z6S27D7U;
				ENABLE_USER_SCRIPT_SANDBOXING = YES;
				INFOPLIST_FILE = Info.plist;
				INFOPLIST_KEY_CFBundleDisplayName = Jarvis;
				LD_RUNPATH_SEARCH_PATHS = (
					"$(inherited)",
					"@executable_path/Frameworks",
				);
				PRODUCT_BUNDLE_IDENTIFIER = com.vasechko.jarvis;
				PRODUCT_NAME = Jarvis;
				SDKROOT = iphoneos;
				SWIFT_VERSION = 5.9;
				TARGETED_DEVICE_FAMILY = "1,2";
			};
			name = Release;
		};
		4ADDAA5B2A3145E9C37FB2D9 /* Debug */ = {
			isa = XCBuildConfiguration;
			buildSettings = {
				BUNDLE_LOADER = "$(TEST_HOST)";
				CODE_SIGN_STYLE = Automatic;
				DEVELOPMENT_TEAM = 24Z6S27D7U;
				GENERATE_INFOPLIST_FILE = YES;
				LD_RUNPATH_SEARCH_PATHS = (
					"$(inherited)",
					"@executable_path/Frameworks",
					"@loader_path/Frameworks",
				);
				PRODUCT_BUNDLE_IDENTIFIER = com.vasechko.jarvis.uitests;
				SDKROOT = iphoneos;
				SWIFT_VERSION = 5.9;
				TARGETED_DEVICE_FAMILY = "1,2";
				TEST_TARGET_NAME = JarvisApp;
			};
			name = Debug;
		};
		6B647F87BE13951A030879F5 /* Debug */ = {
			isa = XCBuildConfiguration;
			buildSettings = {
				ALWAYS_SEARCH_USER_PATHS = NO;
				CLANG_ANALYZER_NONNULL = YES;
				CLANG_ANALYZER_NUMBER_OBJECT_CONVERSION = YES_AGGRESSIVE;
				CLANG_CXX_LANGUAGE_STANDARD = "gnu++14";
				CLANG_CXX_LIBRARY = "libc++";
				CLANG_ENABLE_MODULES = YES;
				CLANG_ENABLE_OBJC_ARC = YES;
				CLANG_ENABLE_OBJC_WEAK = YES;
				CLANG_WARN_BLOCK_CAPTURE_AUTORELEASING = YES;
				CLANG_WARN_BOOL_CONVERSION = YES;
				CLANG_WARN_COMMA = YES;
				CLANG_WARN_CONSTANT_CONVERSION = YES;
				CLANG_WARN_DEPRECATED_OBJC_IMPLEMENTATIONS = YES;
				CLANG_WARN_DIRECT_OBJC_ISA_USAGE = YES_ERROR;
				CLANG_WARN_DOCUMENTATION_COMMENTS = YES;
				CLANG_WARN_EMPTY_BODY = YES;
				CLANG_WARN_ENUM_CONVERSION = YES;
				CLANG_WARN_INFINITE_RECURSION = YES;
				CLANG_WARN_INT_CONVERSION = YES;
				CLANG_WARN_NON_LITERAL_NULL_CONVERSION = YES;
				CLANG_WARN_OBJC_IMPLICIT_RETAIN_SELF = YES;
				CLANG_WARN_OBJC_LITERAL_CONVERSION = YES;
				CLANG_WARN_OBJC_ROOT_CLASS = YES_ERROR;
				CLANG_WARN_QUOTED_INCLUDE_IN_FRAMEWORK_HEADER = YES;
				CLANG_WARN_RANGE_LOOP_ANALYSIS = YES;
				CLANG_WARN_STRICT_PROTOTYPES = YES;
				CLANG_WARN_SUSPICIOUS_MOVE = YES;
				CLANG_WARN_UNGUARDED_AVAILABILITY = YES_AGGRESSIVE;
				CLANG_WARN_UNREACHABLE_CODE = YES;
				CLANG_WARN__DUPLICATE_METHOD_MATCH = YES;
				COPY_PHASE_STRIP = NO;
				DEBUG_INFORMATION_FORMAT = dwarf;
				DEVELOPMENT_TEAM = 24Z6S27D7U;
				ENABLE_STRICT_OBJC_MSGSEND = YES;
				ENABLE_TESTABILITY = YES;
				GCC_C_LANGUAGE_STANDARD = gnu11;
				GCC_DYNAMIC_NO_PIC = NO;
				GCC_NO_COMMON_BLOCKS = YES;
				GCC_OPTIMIZATION_LEVEL = 0;
				GCC_PREPROCESSOR_DEFINITIONS = (
					"$(inherited)",
					"DEBUG=1",
				);
				GCC_WARN_64_TO_32_BIT_CONVERSION = YES;
				GCC_WARN_ABOUT_RETURN_TYPE = YES_ERROR;
				GCC_WARN_UNDECLARED_SELECTOR = YES;
				GCC_WARN_UNINITIALIZED_AUTOS = YES_AGGRESSIVE;
				GCC_WARN_UNUSED_FUNCTION = YES;
				GCC_WARN_UNUSED_VARIABLE = YES;
				IPHONEOS_DEPLOYMENT_TARGET = 18.0;
				MTL_ENABLE_DEBUG_INFO = INCLUDE_SOURCE;
				MTL_FAST_MATH = YES;
				ONLY_ACTIVE_ARCH = YES;
				PRODUCT_NAME = "$(TARGET_NAME)";
				SDKROOT = iphoneos;
				SWIFT_ACTIVE_COMPILATION_CONDITIONS = DEBUG;
				SWIFT_EMIT_LOC_STRINGS = YES;
				SWIFT_OPTIMIZATION_LEVEL = "-Onone";
				SWIFT_VERSION = 5.0;
			};
			name = Debug;
		};
		70DF7059D39A165EB92211CF /* Debug */ = {
			isa = XCBuildConfiguration;
			buildSettings = {
				BUNDLE_LOADER = "$(TEST_HOST)";
				CODE_SIGN_STYLE = Automatic;
				DEVELOPMENT_TEAM = 24Z6S27D7U;
				GENERATE_INFOPLIST_FILE = YES;
				LD_RUNPATH_SEARCH_PATHS = (
					"$(inherited)",
					"@executable_path/Frameworks",
					"@loader_path/Frameworks",
				);
				PRODUCT_BUNDLE_IDENTIFIER = com.vasechko.jarvis.unittests;
				SDKROOT = iphoneos;
				SWIFT_VERSION = 5.9;
				TARGETED_DEVICE_FAMILY = "1,2";
				TEST_HOST = "$(BUILT_PRODUCTS_DIR)/Jarvis.app/Jarvis";
			};
			name = Debug;
		};
		7E467C9F0D2D824F701729CB /* Release */ = {
			isa = XCBuildConfiguration;
			buildSettings = {
				BUNDLE_LOADER = "$(TEST_HOST)";
				CODE_SIGN_STYLE = Automatic;
				DEVELOPMENT_TEAM = 24Z6S27D7U;
				GENERATE_INFOPLIST_FILE = YES;
				LD_RUNPATH_SEARCH_PATHS = (
					"$(inherited)",
					"@executable_path/Frameworks",
					"@loader_path/Frameworks",
				);
				PRODUCT_BUNDLE_IDENTIFIER = com.vasechko.jarvis.uitests;
				SDKROOT = iphoneos;
				SWIFT_VERSION = 5.9;
				TARGETED_DEVICE_FAMILY = "1,2";
				TEST_TARGET_NAME = JarvisApp;
			};
			name = Release;
		};
		8AB5F4DB42104D611E49ECC8 /* Release */ = {
			isa = XCBuildConfiguration;
			buildSettings = {
				BUNDLE_LOADER = "$(TEST_HOST)";
				CODE_SIGN_STYLE = Automatic;
				DEVELOPMENT_TEAM = 24Z6S27D7U;
				GENERATE_INFOPLIST_FILE = YES;
				LD_RUNPATH_SEARCH_PATHS = (
					"$(inherited)",
					"@executable_path/Frameworks",
					"@loader_path/Frameworks",
				);
				PRODUCT_BUNDLE_IDENTIFIER = com.vasechko.jarvis.unittests;
				SDKROOT = iphoneos;
				SWIFT_VERSION = 5.9;
				TARGETED_DEVICE_FAMILY = "1,2";
				TEST_HOST = "$(BUILT_PRODUCTS_DIR)/Jarvis.app/Jarvis";
			};
			name = Release;
		};
		B18E79404590D18382DEB0FC /* Release */ = {
			isa = XCBuildConfiguration;
			buildSettings = {
				ALWAYS_SEARCH_USER_PATHS = NO;
				CLANG_ANALYZER_NONNULL = YES;
				CLANG_ANALYZER_NUMBER_OBJECT_CONVERSION = YES_AGGRESSIVE;
				CLANG_CXX_LANGUAGE_STANDARD = "gnu++14";
				CLANG_CXX_LIBRARY = "libc++";
				CLANG_ENABLE_MODULES = YES;
				CLANG_ENABLE_OBJC_ARC = YES;
				CLANG_ENABLE_OBJC_WEAK = YES;
				CLANG_WARN_BLOCK_CAPTURE_AUTORELEASING = YES;
				CLANG_WARN_BOOL_CONVERSION = YES;
				CLANG_WARN_COMMA = YES;
				CLANG_WARN_CONSTANT_CONVERSION = YES;
				CLANG_WARN_DEPRECATED_OBJC_IMPLEMENTATIONS = YES;
				CLANG_WARN_DIRECT_OBJC_ISA_USAGE = YES_ERROR;
				CLANG_WARN_DOCUMENTATION_COMMENTS = YES;
				CLANG_WARN_EMPTY_BODY = YES;
				CLANG_WARN_ENUM_CONVERSION = YES;
				CLANG_WARN_INFINITE_RECURSION = YES;
				CLANG_WARN_INT_CONVERSION = YES;
				CLANG_WARN_NON_LITERAL_NULL_CONVERSION = YES;
				CLANG_WARN_OBJC_IMPLICIT_RETAIN_SELF = YES;
				CLANG_WARN_OBJC_LITERAL_CONVERSION = YES;
				CLANG_WARN_OBJC_ROOT_CLASS = YES_ERROR;
				CLANG_WARN_QUOTED_INCLUDE_IN_FRAMEWORK_HEADER = YES;
				CLANG_WARN_RANGE_LOOP_ANALYSIS = YES;
				CLANG_WARN_STRICT_PROTOTYPES = YES;
				CLANG_WARN_SUSPICIOUS_MOVE = YES;
				CLANG_WARN_UNGUARDED_AVAILABILITY = YES_AGGRESSIVE;
				CLANG_WARN_UNREACHABLE_CODE = YES;
				CLANG_WARN__DUPLICATE_METHOD_MATCH = YES;
				COPY_PHASE_STRIP = NO;
				DEBUG_INFORMATION_FORMAT = "dwarf-with-dsym";
				DEVELOPMENT_TEAM = 24Z6S27D7U;
				ENABLE_NS_ASSERTIONS = NO;
				ENABLE_STRICT_OBJC_MSGSEND = YES;
				GCC_C_LANGUAGE_STANDARD = gnu11;
				GCC_NO_COMMON_BLOCKS = YES;
				GCC_WARN_64_TO_32_BIT_CONVERSION = YES;
				GCC_WARN_ABOUT_RETURN_TYPE = YES_ERROR;
				GCC_WARN_UNDECLARED_SELECTOR = YES;
				GCC_WARN_UNINITIALIZED_AUTOS = YES_AGGRESSIVE;
				GCC_WARN_UNUSED_FUNCTION = YES;
				GCC_WARN_UNUSED_VARIABLE = YES;
				IPHONEOS_DEPLOYMENT_TARGET = 18.0;
				MTL_ENABLE_DEBUG_INFO = NO;
				MTL_FAST_MATH = YES;
				PRODUCT_NAME = "$(TARGET_NAME)";
				SDKROOT = iphoneos;
				SWIFT_COMPILATION_MODE = wholemodule;
				SWIFT_EMIT_LOC_STRINGS = YES;
				SWIFT_OPTIMIZATION_LEVEL = "-O";
				SWIFT_VERSION = 5.0;
			};
			name = Release;
		};
		B5955FF2DEE7496AB605E18D /* Debug */ = {
			isa = XCBuildConfiguration;
			buildSettings = {
				ASSETCATALOG_COMPILER_APPICON_NAME = AppIcon;
				CODE_SIGN_ENTITLEMENTS = JarvisApp.entitlements;
				CODE_SIGN_IDENTITY = "iPhone Developer";
				CODE_SIGN_STYLE = Automatic;
				DEVELOPMENT_TEAM = 24Z6S27D7U;
				ENABLE_USER_SCRIPT_SANDBOXING = YES;
				INFOPLIST_FILE = Info.plist;
				INFOPLIST_KEY_CFBundleDisplayName = Jarvis;
				LD_RUNPATH_SEARCH_PATHS = (
					"$(inherited)",
					"@executable_path/Frameworks",
				);
				PRODUCT_BUNDLE_IDENTIFIER = com.vasechko.jarvis;
				PRODUCT_NAME = Jarvis;
				SDKROOT = iphoneos;
				SWIFT_VERSION = 5.9;
				TARGETED_DEVICE_FAMILY = "1,2";
			};
			name = Debug;
		};
/* End XCBuildConfiguration section */

/* Begin XCConfigurationList section */
		2F7FC497B524ADA3BE088E6B /* Build configuration list for PBXNativeTarget "JarvisAppTests" */ = {
			isa = XCConfigurationList;
			buildConfigurations = (
				70DF7059D39A165EB92211CF /* Debug */,
				8AB5F4DB42104D611E49ECC8 /* Release */,
			);
			defaultConfigurationIsVisible = 0;
			defaultConfigurationName = Debug;
		};
		B4B55E25995F926AA11FA6BD /* Build configuration list for PBXProject "JarvisApp" */ = {
			isa = XCConfigurationList;
			buildConfigurations = (
				6B647F87BE13951A030879F5 /* Debug */,
				B18E79404590D18382DEB0FC /* Release */,
			);
			defaultConfigurationIsVisible = 0;
			defaultConfigurationName = Debug;
		};
		C94490005BE139B4A734A6F1 /* Build configuration list for PBXNativeTarget "JarvisUITests" */ = {
			isa = XCConfigurationList;
			buildConfigurations = (
				4ADDAA5B2A3145E9C37FB2D9 /* Debug */,
				7E467C9F0D2D824F701729CB /* Release */,
			);
			defaultConfigurationIsVisible = 0;
			defaultConfigurationName = Debug;
		};
		F0EBA81C0F5F79EA2F31CADD /* Build configuration list for PBXNativeTarget "JarvisApp" */ = {
			isa = XCConfigurationList;
			buildConfigurations = (
				B5955FF2DEE7496AB605E18D /* Debug */,
				09CA5CFC2A58CE130E4CF8AD /* Release */,
			);
			defaultConfigurationIsVisible = 0;
			defaultConfigurationName = Debug;
		};
/* End XCConfigurationList section */
	};
	rootObject = 7DB0DAB8DB97C1CD818BB48F /* Project object */;
}
