// !$*UTF8*$!
{
	archiveVersion = 1;
	classes = {
	};
	objectVersion = 77;
	objects = {

/* Begin PBXBuildFile section */
		001749B059E353F7F0B30ADF /* WorkoutInbound.swift in Sources */ = {isa = PBXBuildFile; fileRef = 294C253860B67EF3201B2370 /* WorkoutInbound.swift */; };
		019B3D35D6FD41DEF8A1FCCF /* LeftDrawerContent.swift in Sources */ = {isa = PBXBuildFile; fileRef = 163CA94C66DC661EC836E607 /* LeftDrawerContent.swift */; };
		04BF92A9F9E6F66E24B402AF /* WebSocketClientV2.swift in Sources */ = {isa = PBXBuildFile; fileRef = 703546F90859B4BA021E0CC9 /* WebSocketClientV2.swift */; };
		08609E4F72E218AADF502AA6 /* AudioPlaybackService.swift in Sources */ = {isa = PBXBuildFile; fileRef = 5CF4706CEA962FA2A8E7F5D4 /* AudioPlaybackService.swift */; };
		08FB138313D1EC3412C3F20E /* ChatView.swift in Sources */ = {isa = PBXBuildFile; fileRef = 3784B2D589C11B07F162E081 /* ChatView.swift */; };
		0BD4EA7CD6A96B99D6BF0CE4 /* ChatImageStore.swift in Sources */ = {isa = PBXBuildFile; fileRef = BCD520F14145C721CB957282 /* ChatImageStore.swift */; };
		0BFCBCBFAB94DCD9F3E01013 /* StateBoardView.swift in Sources */ = {isa = PBXBuildFile; fileRef = 9B226A1DA1BA45112E46E3E8 /* StateBoardView.swift */; };
		0F7D198D445B06AD693036EF /* WorkoutPreviewUpdateTests.swift in Sources */ = {isa = PBXBuildFile; fileRef = 30BC68D46F2D2CB7210A1C1D /* WorkoutPreviewUpdateTests.swift */; };
		1091D28461A2EBCE460F25DD /* AppContextCoordinator.swift in Sources */ = {isa = PBXBuildFile; fileRef = F655A8E66E4870DFFB6EBA41 /* AppContextCoordinator.swift */; };
		111316843C98101D95B9912B /* DraftAttachment.swift in Sources */ = {isa = PBXBuildFile; fileRef = 63F99A4953300541E52CE55B /* DraftAttachment.swift */; };
		11B08BC875BE39607D9034DF /* MessageListView.swift in Sources */ = {isa = PBXBuildFile; fileRef = C576CDFA7FEBFCE26DA9BFD0 /* MessageListView.swift */; };
		16F08295FEABD86492DF119B /* ContentView.swift in Sources */ = {isa = PBXBuildFile; fileRef = 8F8D87E938816ECB8B161DBD /* ContentView.swift */; };
		1893E8E0527760F1BA33302A /* MarkdownText.swift in Sources */ = {isa = PBXBuildFile; fileRef = 79BA0C6F1B3FEBDF845A2F74 /* MarkdownText.swift */; };
		1A1DCE4804FEC3BFCDBA3B05 /* ContextBuilder.swift in Sources */ = {isa = PBXBuildFile; fileRef = 3463D1D36ABB670A0DAC6243 /* ContextBuilder.swift */; };
		1B33CCD98E3BD43B19837659 /* WorkoutFormatTests.swift in Sources */ = {isa = PBXBuildFile; fileRef = 41BCF57926DDA2C4BAF8106F /* WorkoutFormatTests.swift */; };
		1BF9D875BB13EDA56697C5D8 /* StoredAction.swift in Sources */ = {isa = PBXBuildFile; fileRef = 9825F81040F6DD9FE0033F85 /* StoredAction.swift */; };
		1D26F1F3F0A2B7924261909D /* WorkoutCoordinatorTests.swift in Sources */ = {isa = PBXBuildFile; fileRef = F03A28FA27D78891B79DD64F /* WorkoutCoordinatorTests.swift */; };
		1F82065F678FCE50DD97667F /* OrbInputBar.swift in Sources */ = {isa = PBXBuildFile; fileRef = 6B165040849DF187E7D1113C /* OrbInputBar.swift */; };
		1FAD03AF3885E619267E3CA1 /* ProactiveDispatcherTests.swift in Sources */ = {isa = PBXBuildFile; fileRef = 7ACF97B7F5A709D4D3152C6B /* ProactiveDispatcherTests.swift */; };
		250E4BBF96D871228E8E7C41 /* MarkdownTextTests.swift in Sources */ = {isa = PBXBuildFile; fileRef = 008661D2D21BA968650C4E29 /* MarkdownTextTests.swift */; };
		25CF2928D7A95077DF5F7FEF /* RightDrawerContent.swift in Sources */ = {isa = PBXBuildFile; fileRef = 3CBD576F66D1AFE2F6EAE842 /* RightDrawerContent.swift */; };
		298B9483C7C8766EF3A807D7 /* SpeechSynthesizer.swift in Sources */ = {isa = PBXBuildFile; fileRef = 1DEE7B678DE38F9253E0F483 /* SpeechSynthesizer.swift */; };
		2B5AD345B9E6DD536F03540D /* UnifiedInputBar.swift in Sources */ = {isa = PBXBuildFile; fileRef = D6B42F42A5AB27AFC0DD5943 /* UnifiedInputBar.swift */; };
		2F3C11438165573EE2B54B7D /* VoiceLoopControllerTests.swift in Sources */ = {isa = PBXBuildFile; fileRef = 2D63F33AD4D4289C68D1484A /* VoiceLoopControllerTests.swift */; };
		3199A7F9DFF9940F12F911AF /* HealthStripView.swift in Sources */ = {isa = PBXBuildFile; fileRef = 90C036FF712D8EB7735FCBC7 /* HealthStripView.swift */; };
		323B15E35E629EC77D90958C /* AttachmentBar.swift in Sources */ = {isa = PBXBuildFile; fileRef = 2C635D17DBD6BF940C89E024 /* AttachmentBar.swift */; };
		34E137370E4486A938FB89CA /* ChatPrewarmer.swift in Sources */ = {isa = PBXBuildFile; fileRef = 4540556E737B1FF782CE9556 /* ChatPrewarmer.swift */; };
		3502D3234561E8F256B9EAD5 /* JarvisApp.swift in Sources */ = {isa = PBXBuildFile; fileRef = 43CE7D6D0EB2FA4A6B041454 /* JarvisApp.swift */; };
		365191E0FC23319F9CA2C898 /* GRDB in Frameworks */ = {isa = PBXBuildFile; productRef = 31E0AB4EF75BC659349C8E0A /* GRDB */; };
		3AB8641347ABF4C946F55CD5 /* WorkoutPreviewView.swift in Sources */ = {isa = PBXBuildFile; fileRef = F236228C8C83CFFE21712C2B /* WorkoutPreviewView.swift */; };
		3B780D772FC0C9C43796F3F8 /* JarvisUITests.swift in Sources */ = {isa = PBXBuildFile; fileRef = 7E3F9C23834F32A5E7F85B01 /* JarvisUITests.swift */; };
		3BC3B261F475A3B3A3E3FF7B /* EmptyStateView.swift in Sources */ = {isa = PBXBuildFile; fileRef = 83D3D7941261E832088202BF /* EmptyStateView.swift */; };
		3CBB91784B65C8CA4A702AF6 /* TransportV2WorkoutTests.swift in Sources */ = {isa = PBXBuildFile; fileRef = 834FF3E88E233A898EDBA444 /* TransportV2WorkoutTests.swift */; };
		3D5340597C1EEE0F99076ACC /* CoachBannerView.swift in Sources */ = {isa = PBXBuildFile; fileRef = EDC10BA9695C24F9819D51C2 /* CoachBannerView.swift */; };
		3EB9B81E598895106D47F1DB /* FullScreenImageView.swift in Sources */ = {isa = PBXBuildFile; fileRef = E170C6CA46AA3734A80C81A2 /* FullScreenImageView.swift */; };
		3F712956E032728A955B67F8 /* HealthSync.swift in Sources */ = {isa = PBXBuildFile; fileRef = F5A055AF8989128A047D605C /* HealthSync.swift */; };
		3F93C312099CA744A20CADA7 /* ConversationStoreV2.swift in Sources */ = {isa = PBXBuildFile; fileRef = 97D8CEE69D33E1581710A543 /* ConversationStoreV2.swift */; };
		3F96CFAAAC9E74E605B6D4B4 /* WebSocketClientV2Tests.swift in Sources */ = {isa = PBXBuildFile; fileRef = B7AD4257FEF8E2B0DDBFA065 /* WebSocketClientV2Tests.swift */; };
		40BD7B10477CDAA66330969D /* Theme.swift in Sources */ = {isa = PBXBuildFile; fileRef = 48A9578A316F0AB1F8247B95 /* Theme.swift */; };
		42E66BF9F453D484DC371DC0 /* StateModel.swift in Sources */ = {isa = PBXBuildFile; fileRef = F4212E96E265F732C0CA6A0F /* StateModel.swift */; };
		448AB35003310B3C4C2C14AA /* SchemaV3MigrationTests.swift in Sources */ = {isa = PBXBuildFile; fileRef = BC8AA1266F068858AEA1D784 /* SchemaV3MigrationTests.swift */; };
		44C86F549EEFDBA9707EDAF3 /* MessageMappingTests.swift in Sources */ = {isa = PBXBuildFile; fileRef = 834E333F228FB23CEB38FB63 /* MessageMappingTests.swift */; };
		461CEB084ABB3FAFC32124BC /* SpeechManager.swift in Sources */ = {isa = PBXBuildFile; fileRef = E8D8F2B9D8F6461190029F75 /* SpeechManager.swift */; };
		496C7C87D93A74983F21EF54 /* InputBar.swift in Sources */ = {isa = PBXBuildFile; fileRef = 0B48F479168B41727E62B105 /* InputBar.swift */; };
		4A6AB9D56E2065680B3749AA /* RestTimerOverlay.swift in Sources */ = {isa = PBXBuildFile; fileRef = 1D936C1B29DF1CA0ADC0AEAE /* RestTimerOverlay.swift */; };
		4AA4A9E6701037C12967B46D /* GreetingBankTests.swift in Sources */ = {isa = PBXBuildFile; fileRef = 4741A7AAAEAAB4133351A78F /* GreetingBankTests.swift */; };
		4BF4C88458642156C18BD71E /* RestTimerTests.swift in Sources */ = {isa = PBXBuildFile; fileRef = 32B6DEE248F4B0193B7B08FC /* RestTimerTests.swift */; };
		4C81E915D4CA0441EEA698DF /* HealthHistory.swift in Sources */ = {isa = PBXBuildFile; fileRef = 3DC04EA76CC0F89FF14E7849 /* HealthHistory.swift */; };
		4E3C2BC7DEE98EE4B972F929 /* StatusV2.swift in Sources */ = {isa = PBXBuildFile; fileRef = B08ADF5C053B4AD89D3CD44E /* StatusV2.swift */; };
		4F6A7B2753439E98EEC8AB93 /* ContextBuilderTests.swift in Sources */ = {isa = PBXBuildFile; fileRef = 5114A888276D0E083FC387EB /* ContextBuilderTests.swift */; };
		50C5C4BB9518C430E4CC3188 /* AgentIdentity.swift in Sources */ = {isa = PBXBuildFile; fileRef = F38E1835A732AD75F82D9CEF /* AgentIdentity.swift */; };
		54243BCC1655A76DE5E1F02F /* LocationManager.swift in Sources */ = {isa = PBXBuildFile; fileRef = BD51F238E46BCB805C742CEE /* LocationManager.swift */; };
		54B5F596338B0F2E4A7224E2 /* E2EHarness.swift in Sources */ = {isa = PBXBuildFile; fileRef = C3E5E42CC2C921F15C37BEC3 /* E2EHarness.swift */; };
		54CEE570C41AE7314548DBB8 /* CalendarManager.swift in Sources */ = {isa = PBXBuildFile; fileRef = D10CF5BBED79F3B2BAA5A0B9 /* CalendarManager.swift */; };
		56B061FF1873633D7665141C /* InboundDispatcherV2Tests.swift in Sources */ = {isa = PBXBuildFile; fileRef = 3938A8FAFFE0C0AFCC9FEE38 /* InboundDispatcherV2Tests.swift */; };
		5727F5346AE76836985BED3D /* WatchContentView.swift in Sources */ = {isa = PBXBuildFile; fileRef = 6C904740E5DA9FD762F5645C /* WatchContentView.swift */; };
		57F5539A7DC6FCCA4A9B559C /* HrSpikeDetectorTests.swift in Sources */ = {isa = PBXBuildFile; fileRef = F83A9350505267EC2E9CBEAD /* HrSpikeDetectorTests.swift */; };
		59423F16C2BD22F74CCAFC27 /* SetLogQueueTests.swift in Sources */ = {isa = PBXBuildFile; fileRef = BC64D6340917C38B04005455 /* SetLogQueueTests.swift */; };
		5D14A252DCD5E3C28D7E12A4 /* GreetingBank.swift in Sources */ = {isa = PBXBuildFile; fileRef = FC413AB63E0CA681D14B53B1 /* GreetingBank.swift */; };
		5ED5035D7E3D50CCD815D5C7 /* HeaderStatusDot.swift in Sources */ = {isa = PBXBuildFile; fileRef = ADEAA45ED94FF8B7242FDE29 /* HeaderStatusDot.swift */; };
		5F58758FB0396652855980DE /* MessageTimeline.swift in Sources */ = {isa = PBXBuildFile; fileRef = 5E0FFCD560E41761030820EB /* MessageTimeline.swift */; };
		617682909F57CF4FA5FBFC89 /* ChatImageStoreTests.swift in Sources */ = {isa = PBXBuildFile; fileRef = FC430323408B66D7F47AA5B8 /* ChatImageStoreTests.swift */; };
		634AE794B556552200D1D06A /* JarvisWatchApp.swift in Sources */ = {isa = PBXBuildFile; fileRef = D4C75412A22FD477079ABB55 /* JarvisWatchApp.swift */; };
		63E803FD761E0475224CD876 /* WorkoutCoordinator.swift in Sources */ = {isa = PBXBuildFile; fileRef = FC317B371153E91110B04D96 /* WorkoutCoordinator.swift */; };
		645FF687262BEFAE63D2A508 /* SwapSheetTests.swift in Sources */ = {isa = PBXBuildFile; fileRef = 9C7B608446E68C7DF9024CE9 /* SwapSheetTests.swift */; };
		699907BA215423494BD29F45 /* AttachmentMigrationTests.swift in Sources */ = {isa = PBXBuildFile; fileRef = 05ACC337A0C4A86AD116625D /* AttachmentMigrationTests.swift */; };
		6C12B47D35E55D7E04E09F4A /* AppSettings.swift in Sources */ = {isa = PBXBuildFile; fileRef = 3F4B9D1F796C301C15ED1A3D /* AppSettings.swift */; };
		6D8495EB5E5BBEC56CF69D29 /* StoredAttachment.swift in Sources */ = {isa = PBXBuildFile; fileRef = 4D4FF344A7F45A86D8241127 /* StoredAttachment.swift */; };
		71563F3FE9AB291D623066B4 /* HappyPathE2ETests.swift in Sources */ = {isa = PBXBuildFile; fileRef = 2AD0E7B1A84B042B9178B51D /* HappyPathE2ETests.swift */; };
		73B70554FE102A25FBBF7E6B /* Log.swift in Sources */ = {isa = PBXBuildFile; fileRef = D79D4272E5619C20A18D50D9 /* Log.swift */; };
		7538B26F3F54F0A20083FC22 /* ExerciseBannerView.swift in Sources */ = {isa = PBXBuildFile; fileRef = 5A07127DD756653FDA997A10 /* ExerciseBannerView.swift */; };
		776CC332C08FABE24DB90627 /* AgentIdentityTests.swift in Sources */ = {isa = PBXBuildFile; fileRef = 4A7602CA89C5703F581DB155 /* AgentIdentityTests.swift */; };
		79863C9C38EE621B71898E1D /* VoiceOnlyStoreTests.swift in Sources */ = {isa = PBXBuildFile; fileRef = 1B15C373E9A1A762EDBE060A /* VoiceOnlyStoreTests.swift */; };
		7C6244BC22EF9490B6F5527A /* WorkoutRunnerLogic.swift in Sources */ = {isa = PBXBuildFile; fileRef = FAAE91150FB182B64898418C /* WorkoutRunnerLogic.swift */; };
		7C833BBFCFDD41382E8448F4 /* StateBoardViewTests.swift in Sources */ = {isa = PBXBuildFile; fileRef = 72069FC546766200DF7310C7 /* StateBoardViewTests.swift */; };
		7D71BB9752F92386B2FE07AA /* ActiveAgentState.swift in Sources */ = {isa = PBXBuildFile; fileRef = 6C18FEBC87883D1730806373 /* ActiveAgentState.swift */; };
		7DC25537E427E9625F7151DA /* VoiceLoopController.swift in Sources */ = {isa = PBXBuildFile; fileRef = F4800B2F3554B52EE041BEAD /* VoiceLoopController.swift */; };
		7EED161B6F0BB654D4D9EC3C /* ExerciseImageCache.swift in Sources */ = {isa = PBXBuildFile; fileRef = 17900485123C543C21298F5A /* ExerciseImageCache.swift */; };
		7FAF52A22114FBF880E1348F /* ExerciseImageCacheTests.swift in Sources */ = {isa = PBXBuildFile; fileRef = A08C410E0AB3268B2BF632EB /* ExerciseImageCacheTests.swift */; };
		808F62D50A3B14CCF3E62EA5 /* MessageRow.swift in Sources */ = {isa = PBXBuildFile; fileRef = 00895EA002A4092BA433AF4C /* MessageRow.swift */; };
		81782C95746BFB6B3D396FF9 /* WorkoutView.swift in Sources */ = {isa = PBXBuildFile; fileRef = 88D0FB537AE4C8BCE53B1A96 /* WorkoutView.swift */; };
		826C5F6B64FEBC1EE5A38CA4 /* ConnectionBanner.swift in Sources */ = {isa = PBXBuildFile; fileRef = E5DD83E71D9C3008ACBE81F2 /* ConnectionBanner.swift */; };
		8531C905F9FA67452EC50A43 /* MessageTimelineTests.swift in Sources */ = {isa = PBXBuildFile; fileRef = 30FC5BD6D50254FA42A44C89 /* MessageTimelineTests.swift */; };
		855DBD4D65B38DEAF8208626 /* ChatListItem.swift in Sources */ = {isa = PBXBuildFile; fileRef = 38A007C4C73B5CD2D3AC048B /* ChatListItem.swift */; };
		858C56E208CC44A2A7210E9B /* InboundDispatcherV2.swift in Sources */ = {isa = PBXBuildFile; fileRef = C7F32FF80D3E90C60D06FDC3 /* InboundDispatcherV2.swift */; };
		87AD40BFC10B1D04342B5E9D /* EmojiPickerView.swift in Sources */ = {isa = PBXBuildFile; fileRef = 83BBF8E04395E33F04CDE186 /* EmojiPickerView.swift */; };
		88708A700369B47D5472A1C2 /* OrbHomeView.swift in Sources */ = {isa = PBXBuildFile; fileRef = B254569C52137C9E716B3DCD /* OrbHomeView.swift */; };
		8A65BFEE4DF577F0BCA79D78 /* HealthBackgroundTaskTests.swift in Sources */ = {isa = PBXBuildFile; fileRef = 3DD1109858A9F6E479E286A1 /* HealthBackgroundTaskTests.swift */; };
		8B8DBA1244BFD9A7D1B54CF0 /* StateModelTests.swift in Sources */ = {isa = PBXBuildFile; fileRef = A96DB97B10316EC2BF92DDB4 /* StateModelTests.swift */; };
		8CF67025E9C5AC703F0F422B /* Message.swift in Sources */ = {isa = PBXBuildFile; fileRef = 9592AD08ED6648DF9CCC7149 /* Message.swift */; };
		8D619B38C4EE99D072145A51 /* SwapSheet.swift in Sources */ = {isa = PBXBuildFile; fileRef = 9CA9AB7ECDA3459F9A0C107B /* SwapSheet.swift */; };
		8FD8CF0ADA1C202FEDA828D9 /* SetLogQueue.swift in Sources */ = {isa = PBXBuildFile; fileRef = E1916FC4113359563C4205F1 /* SetLogQueue.swift */; };
		91941E7469BF57E69F4C9DE2 /* HealthManager.swift in Sources */ = {isa = PBXBuildFile; fileRef = FE1A573133241875D7269CED /* HealthManager.swift */; };
		920E2AE3DB5215DAE666BF65 /* TransportV2WorkoutInboundTests.swift in Sources */ = {isa = PBXBuildFile; fileRef = 24E75D5AB84CECDD2D10E119 /* TransportV2WorkoutInboundTests.swift */; };
		959453A92AA1D6910B038CC4 /* WorkoutPlanRealEnvelopeTests.swift in Sources */ = {isa = PBXBuildFile; fileRef = 70CB3BB03A2BE8986BF2ECD4 /* WorkoutPlanRealEnvelopeTests.swift */; };
		974A0C8C09364FC532E6BEE1 /* SuggestionEngine.swift in Sources */ = {isa = PBXBuildFile; fileRef = ABDA888C65A72DD99A311CC2 /* SuggestionEngine.swift */; };
		978C2411C830BBFCD8AEC9B1 /* TransportV2.swift in Sources */ = {isa = PBXBuildFile; fileRef = 679495851538B21ECAB0FF20 /* TransportV2.swift */; };
		98F737F103D466758E1DAE3D /* ProfileView.swift in Sources */ = {isa = PBXBuildFile; fileRef = 3D05F9A8E1DD2C726DCF0259 /* ProfileView.swift */; };
		9B25460C1039295CFA4B156D /* Schema.swift in Sources */ = {isa = PBXBuildFile; fileRef = 4DCBEC9BA80E9EC8768D5A6B /* Schema.swift */; };
		A05233D6EF80D4FEF4A63605 /* WorkoutFinishView.swift in Sources */ = {isa = PBXBuildFile; fileRef = 692F9E85378427AA7C0DC3B6 /* WorkoutFinishView.swift */; };
		A19C0788C26EB264554E9F0B /* HomeViewSmokeTests.swift in Sources */ = {isa = PBXBuildFile; fileRef = 907A26F7D7D3118CDA3A340D /* HomeViewSmokeTests.swift */; };
		A2C29BF4D8C4AEF8C0B41128 /* HealthBackgroundTask.swift in Sources */ = {isa = PBXBuildFile; fileRef = 2B40F32A70A80FF764EB592B /* HealthBackgroundTask.swift */; };
		A41D782127D52B65851766EB /* HrSpikeDetector.swift in Sources */ = {isa = PBXBuildFile; fileRef = 2EB360836F87EDA3890F1E5B /* HrSpikeDetector.swift */; };
		A49EE6DDF7DC25A2C72175B3 /* WorkoutCardIntegrationTests.swift in Sources */ = {isa = PBXBuildFile; fileRef = 0383120D36D58F5C1BE35994 /* WorkoutCardIntegrationTests.swift */; };
		A5F8C491F5747A1968B734A1 /* HealthRequests.swift in Sources */ = {isa = PBXBuildFile; fileRef = 6A7B2AACD776CE3B037E3691 /* HealthRequests.swift */; };
		AB14A705BBEB71BA032EC292 /* AppV2Bootstrap.swift in Sources */ = {isa = PBXBuildFile; fileRef = 1FEDDA61FF05A486C8F95F98 /* AppV2Bootstrap.swift */; };
		AB4EE93B40C86DA9562B6112 /* ServerConfig.swift in Sources */ = {isa = PBXBuildFile; fileRef = 4872976D5AE47EAE125433FA /* ServerConfig.swift */; };
		AFFBB9A3F440BF8A16D6FDCB /* AppV2BootstrapTests.swift in Sources */ = {isa = PBXBuildFile; fileRef = 18C98262E67CAE6EAD54B784 /* AppV2BootstrapTests.swift */; };
		B065348C458302F95325E16F /* ThinkingRowTests.swift in Sources */ = {isa = PBXBuildFile; fileRef = 05AA5A25FF72A993B2BA61E6 /* ThinkingRowTests.swift */; };
		B24B74F2D86B5F7D20354B2F /* ChatListItemTests.swift in Sources */ = {isa = PBXBuildFile; fileRef = 6FD66A2437F0B2BEBD7D10FA /* ChatListItemTests.swift */; };
		B274F6D0E73327D5E6CFF8E6 /* V2.swift in Sources */ = {isa = PBXBuildFile; fileRef = 4B444C288D4DEB267ABF3D02 /* V2.swift */; };
		B3168E41D417AECBDE8EC56A /* WatchAppState.swift in Sources */ = {isa = PBXBuildFile; fileRef = B3EB21126CB3C83D223E10A6 /* WatchAppState.swift */; };
		B377A0764FF637C59A620237 /* HealthHistoryTests.swift in Sources */ = {isa = PBXBuildFile; fileRef = F97CBF0AABC30420DADE7A50 /* HealthHistoryTests.swift */; };
		B440ABE6DCF344D540E5C3F0 /* WorkoutSetFormat.swift in Sources */ = {isa = PBXBuildFile; fileRef = 19584709A9F814A108D69A97 /* WorkoutSetFormat.swift */; };
		B53C92F62A47B0340DA0F933 /* ConnectivityMonitor.swift in Sources */ = {isa = PBXBuildFile; fileRef = 3C6A33B378AA0CC36F2DE37A /* ConnectivityMonitor.swift */; };
		B5715D361A0394CCB595AA15 /* RightDrawerTests.swift in Sources */ = {isa = PBXBuildFile; fileRef = 39A1411D12B13E550ED69744 /* RightDrawerTests.swift */; };
		B88D79F57FB96DD1EE3F983E /* MiniOrbView.swift in Sources */ = {isa = PBXBuildFile; fileRef = B6BD1E4ABB502A83CDD29883 /* MiniOrbView.swift */; };
		BA63D1A5A6AFDD559D9911A0 /* HeaderStatusDotTests.swift in Sources */ = {isa = PBXBuildFile; fileRef = 44C051ECA1BBC173253E5FF4 /* HeaderStatusDotTests.swift */; };
		BBB120F4935F0F45BA0CB826 /* DeliveryChecks.swift in Sources */ = {isa = PBXBuildFile; fileRef = F5420CA4F9BA4C813FF9E90B /* DeliveryChecks.swift */; };
		BCBD06C80CD5BBDA022438E1 /* ChatImageMappingTests.swift in Sources */ = {isa = PBXBuildFile; fileRef = 146E88348A92657125F1592E /* ChatImageMappingTests.swift */; };
		BF081A3591467809EC839078 /* SettingsView.swift in Sources */ = {isa = PBXBuildFile; fileRef = 2AF10B991F6600D17760B644 /* SettingsView.swift */; };
		BF50AF6B8D8D1D5E89097A68 /* RecommendationPanel.swift in Sources */ = {isa = PBXBuildFile; fileRef = 075F6858BA226D105AA47442 /* RecommendationPanel.swift */; };
		BF58EAFF2DE5684C36E1270D /* PendingScenariosE2ETests.swift in Sources */ = {isa = PBXBuildFile; fileRef = 2679503D77A538E81CAFED55 /* PendingScenariosE2ETests.swift */; };
		BFB6217B793B7BF6A19ECF93 /* RingView.swift in Sources */ = {isa = PBXBuildFile; fileRef = E4D374490F6700DFE6CD2A40 /* RingView.swift */; };
		C00FE8906E1739C80BA7568D /* HealthSyncTests.swift in Sources */ = {isa = PBXBuildFile; fileRef = C364D6CA940FD4E119BBB4FF /* HealthSyncTests.swift */; };
		C1360BFA240455586946FC50 /* WorkoutModelsTests.swift in Sources */ = {isa = PBXBuildFile; fileRef = AA42D336E93B35827195BBBB /* WorkoutModelsTests.swift */; };
		C209817F4DB4B298ACFD7237 /* RestTimer.swift in Sources */ = {isa = PBXBuildFile; fileRef = 8B288DE4478FD534ADB9C861 /* RestTimer.swift */; };
		C26C3D044EC984039953DA2B /* WatchTheme.swift in Sources */ = {isa = PBXBuildFile; fileRef = 554BF5C37C33D1542F61065C /* WatchTheme.swift */; };
		C30B04EF089F683141E1AFA9 /* AttachmentMigration.swift in Sources */ = {isa = PBXBuildFile; fileRef = 903F8E4E445A8A4777CE3812 /* AttachmentMigration.swift */; };
		D05803775850CAC962777383 /* ProtocolFixtureTests.swift in Sources */ = {isa = PBXBuildFile; fileRef = 5F1865E9C40A015A0AFD1026 /* ProtocolFixtureTests.swift */; };
		D1DEC103DC8758862B4FEF8A /* HealthUpload.swift in Sources */ = {isa = PBXBuildFile; fileRef = F0C84294434D6D5A3845BD5D /* HealthUpload.swift */; };
		D6AB552551DC96D807F9D72E /* ActiveAgentStateTests.swift in Sources */ = {isa = PBXBuildFile; fileRef = BD6558F7C0D54EB55E6DFD1C /* ActiveAgentStateTests.swift */; };
		D76B99448549A036E84A20B1 /* VoiceFullscreenTests.swift in Sources */ = {isa = PBXBuildFile; fileRef = E6D22E07581550F2379E4CC3 /* VoiceFullscreenTests.swift */; };
		D8C071DDEDA0C58A157A3EA7 /* ProactiveDispatcher.swift in Sources */ = {isa = PBXBuildFile; fileRef = B2BB3949271147491E3FA597 /* ProactiveDispatcher.swift */; };
		D9D85A8E3CB2F7583D9CCBB7 /* CameraPicker.swift in Sources */ = {isa = PBXBuildFile; fileRef = 9F0295CB82FF20C8764842F6 /* CameraPicker.swift */; };
		DEFAB6DF33649249BC9C24E7 /* ConversationStoreV2AgentTests.swift in Sources */ = {isa = PBXBuildFile; fileRef = 8C9EB1688DB74A7280A71824 /* ConversationStoreV2AgentTests.swift */; };
		E0C11524F945712AD1DD5BED /* WatchConnectivityBridge.swift in Sources */ = {isa = PBXBuildFile; fileRef = B17C0619207CE65994BF0385 /* WatchConnectivityBridge.swift */; };
		E45B2D67CDD9B59EBFC1ADD3 /* StoredAttachmentTests.swift in Sources */ = {isa = PBXBuildFile; fileRef = E676498A47D5EE166C7C9CF4 /* StoredAttachmentTests.swift */; };
		E550AC2144D0483451564D50 /* TransportV2Tests.swift in Sources */ = {isa = PBXBuildFile; fileRef = 0056A55985BB7DB31F765116 /* TransportV2Tests.swift */; };
		E653E1C200C705930FF7958A /* OrbView.swift in Sources */ = {isa = PBXBuildFile; fileRef = 0878BB56B60BF7ED18D7A4E3 /* OrbView.swift */; };
		E6E530C0A21C5E4FFFC04F9A /* OrbVoiceView.swift in Sources */ = {isa = PBXBuildFile; fileRef = AD071F87D29FB56097E001A0 /* OrbVoiceView.swift */; };
		E7164107E2BB7BC0D8A356CB /* WorkoutPlanDecodeTests.swift in Sources */ = {isa = PBXBuildFile; fileRef = 87683378CBFC1F9C7E4CEBC6 /* WorkoutPlanDecodeTests.swift */; };
		E76647B937E3C7A455964FC8 /* WorkoutRunnerLogicTests.swift in Sources */ = {isa = PBXBuildFile; fileRef = 356D5EEBE95E4BA3082109E3 /* WorkoutRunnerLogicTests.swift */; };
		E772C83F0C3EC1AFB1D8C7A7 /* FocusSetCard.swift in Sources */ = {isa = PBXBuildFile; fileRef = 2C0C8F23441F1DD108E2C0EE /* FocusSetCard.swift */; };
		EA5F7794D8CE0B26CC3A3D66 /* StateService.swift in Sources */ = {isa = PBXBuildFile; fileRef = EF942308460AF6C2A8AE638E /* StateService.swift */; };
		EBE65DB8F5AA50665E549127 /* Workout.swift in Sources */ = {isa = PBXBuildFile; fileRef = 407AF8586506D0610BCD4DC7 /* Workout.swift */; };
		ECABEF30369E237C4C4EFDA1 /* Assets.xcassets in Resources */ = {isa = PBXBuildFile; fileRef = 9143ED9DD7B640862D468B63 /* Assets.xcassets */; };
		ED86C8462FA285929BB5D83B /* WatchConnectivityBridgeTests.swift in Sources */ = {isa = PBXBuildFile; fileRef = 5763584CB5FE92DAB00C7C57 /* WatchConnectivityBridgeTests.swift */; };
		EE49457CC13C07D3BF6CCEDD /* DeliveryChecksTests.swift in Sources */ = {isa = PBXBuildFile; fileRef = 24959CB110C9FBD30D2717F6 /* DeliveryChecksTests.swift */; };
		F17554DFDD970DD40991CF4B /* DurationCard.swift in Sources */ = {isa = PBXBuildFile; fileRef = 1DDE0559A1153247D9E152ED /* DurationCard.swift */; };
		F41988AFB951764121A3B9D6 /* AppCoordinator.swift in Sources */ = {isa = PBXBuildFile; fileRef = E1E7FBAD4AE7AF8E526AC62E /* AppCoordinator.swift */; };
		F5926B33AF8C019BC3EEB826 /* ExerciseCardView.swift in Sources */ = {isa = PBXBuildFile; fileRef = F07A48DFDFE814C899E5E434 /* ExerciseCardView.swift */; };
		F60AEA2782AA92F7604C222F /* ChatViewAgentFilterTests.swift in Sources */ = {isa = PBXBuildFile; fileRef = D4F5269F585666FD6D8F3D6F /* ChatViewAgentFilterTests.swift */; };
		F8EE3CFA6A3BE4763FEEA0AA /* URLSessionWebSocket.swift in Sources */ = {isa = PBXBuildFile; fileRef = A07EC072A68CDC8A092D7A94 /* URLSessionWebSocket.swift */; };
		F9AA4DB0A7E030CC95152A3F /* LoggedSetChips.swift in Sources */ = {isa = PBXBuildFile; fileRef = F25916E3D90DB6728E543810 /* LoggedSetChips.swift */; };
		FFDDDEDFC089BCE11984ECB6 /* AgentPickerInline.swift in Sources */ = {isa = PBXBuildFile; fileRef = BCBFBC1CBF61FAA3912EB401 /* AgentPickerInline.swift */; };
/* End PBXBuildFile section */

/* Begin PBXContainerItemProxy section */
		79F756AC1AF2D1E3D1048A9B /* PBXContainerItemProxy */ = {
			isa = PBXContainerItemProxy;
			containerPortal = 7DB0DAB8DB97C1CD818BB48F /* Project object */;
			proxyType = 1;
			remoteGlobalIDString = CE37E25EDF3A9F2A5BDA9298;
			remoteInfo = JarvisApp;
		};
		A8D27FD14C2CAA2E6F601432 /* PBXContainerItemProxy */ = {
			isa = PBXContainerItemProxy;
			containerPortal = 7DB0DAB8DB97C1CD818BB48F /* Project object */;
			proxyType = 1;
			remoteGlobalIDString = CE37E25EDF3A9F2A5BDA9298;
			remoteInfo = JarvisApp;
		};
/* End PBXContainerItemProxy section */

/* Begin PBXFileReference section */
		0056A55985BB7DB31F765116 /* TransportV2Tests.swift */ = {isa = PBXFileReference; lastKnownFileType = sourcecode.swift; path = TransportV2Tests.swift; sourceTree = "<group>"; };
		008661D2D21BA968650C4E29 /* MarkdownTextTests.swift */ = {isa = PBXFileReference; lastKnownFileType = sourcecode.swift; path = MarkdownTextTests.swift; sourceTree = "<group>"; };
		00895EA002A4092BA433AF4C /* MessageRow.swift */ = {isa = PBXFileReference; lastKnownFileType = sourcecode.swift; path = MessageRow.swift; sourceTree = "<group>"; };
		0383120D36D58F5C1BE35994 /* WorkoutCardIntegrationTests.swift */ = {isa = PBXFileReference; lastKnownFileType = sourcecode.swift; path = WorkoutCardIntegrationTests.swift; sourceTree = "<group>"; };
		05AA5A25FF72A993B2BA61E6 /* ThinkingRowTests.swift */ = {isa = PBXFileReference; lastKnownFileType = sourcecode.swift; path = ThinkingRowTests.swift; sourceTree = "<group>"; };
		05ACC337A0C4A86AD116625D /* AttachmentMigrationTests.swift */ = {isa = PBXFileReference; lastKnownFileType = sourcecode.swift; path = AttachmentMigrationTests.swift; sourceTree = "<group>"; };
		075F6858BA226D105AA47442 /* RecommendationPanel.swift */ = {isa = PBXFileReference; lastKnownFileType = sourcecode.swift; path = RecommendationPanel.swift; sourceTree = "<group>"; };
		0878BB56B60BF7ED18D7A4E3 /* OrbView.swift */ = {isa = PBXFileReference; lastKnownFileType = sourcecode.swift; path = OrbView.swift; sourceTree = "<group>"; };
		0B48F479168B41727E62B105 /* InputBar.swift */ = {isa = PBXFileReference; lastKnownFileType = sourcecode.swift; path = InputBar.swift; sourceTree = "<group>"; };
		146E88348A92657125F1592E /* ChatImageMappingTests.swift */ = {isa = PBXFileReference; lastKnownFileType = sourcecode.swift; path = ChatImageMappingTests.swift; sourceTree = "<group>"; };
		163CA94C66DC661EC836E607 /* LeftDrawerContent.swift */ = {isa = PBXFileReference; lastKnownFileType = sourcecode.swift; path = LeftDrawerContent.swift; sourceTree = "<group>"; };
		17900485123C543C21298F5A /* ExerciseImageCache.swift */ = {isa = PBXFileReference; lastKnownFileType = sourcecode.swift; path = ExerciseImageCache.swift; sourceTree = "<group>"; };
		18C98262E67CAE6EAD54B784 /* AppV2BootstrapTests.swift */ = {isa = PBXFileReference; lastKnownFileType = sourcecode.swift; path = AppV2BootstrapTests.swift; sourceTree = "<group>"; };
		19584709A9F814A108D69A97 /* WorkoutSetFormat.swift */ = {isa = PBXFileReference; lastKnownFileType = sourcecode.swift; path = WorkoutSetFormat.swift; sourceTree = "<group>"; };
		1B15C373E9A1A762EDBE060A /* VoiceOnlyStoreTests.swift */ = {isa = PBXFileReference; lastKnownFileType = sourcecode.swift; path = VoiceOnlyStoreTests.swift; sourceTree = "<group>"; };
		1D936C1B29DF1CA0ADC0AEAE /* RestTimerOverlay.swift */ = {isa = PBXFileReference; lastKnownFileType = sourcecode.swift; path = RestTimerOverlay.swift; sourceTree = "<group>"; };
		1DDE0559A1153247D9E152ED /* DurationCard.swift */ = {isa = PBXFileReference; lastKnownFileType = sourcecode.swift; path = DurationCard.swift; sourceTree = "<group>"; };
		1DEE7B678DE38F9253E0F483 /* SpeechSynthesizer.swift */ = {isa = PBXFileReference; lastKnownFileType = sourcecode.swift; path = SpeechSynthesizer.swift; sourceTree = "<group>"; };
		1FEDDA61FF05A486C8F95F98 /* AppV2Bootstrap.swift */ = {isa = PBXFileReference; lastKnownFileType = sourcecode.swift; path = AppV2Bootstrap.swift; sourceTree = "<group>"; };
		24959CB110C9FBD30D2717F6 /* DeliveryChecksTests.swift */ = {isa = PBXFileReference; lastKnownFileType = sourcecode.swift; path = DeliveryChecksTests.swift; sourceTree = "<group>"; };
		24E75D5AB84CECDD2D10E119 /* TransportV2WorkoutInboundTests.swift */ = {isa = PBXFileReference; lastKnownFileType = sourcecode.swift; path = TransportV2WorkoutInboundTests.swift; sourceTree = "<group>"; };
		2679503D77A538E81CAFED55 /* PendingScenariosE2ETests.swift */ = {isa = PBXFileReference; lastKnownFileType = sourcecode.swift; path = PendingScenariosE2ETests.swift; sourceTree = "<group>"; };
		294C253860B67EF3201B2370 /* WorkoutInbound.swift */ = {isa = PBXFileReference; lastKnownFileType = sourcecode.swift; path = WorkoutInbound.swift; sourceTree = "<group>"; };
		2AD0E7B1A84B042B9178B51D /* HappyPathE2ETests.swift */ = {isa = PBXFileReference; lastKnownFileType = sourcecode.swift; path = HappyPathE2ETests.swift; sourceTree = "<group>"; };
		2AF10B991F6600D17760B644 /* SettingsView.swift */ = {isa = PBXFileReference; lastKnownFileType = sourcecode.swift; path = SettingsView.swift; sourceTree = "<group>"; };
		2B40F32A70A80FF764EB592B /* HealthBackgroundTask.swift */ = {isa = PBXFileReference; lastKnownFileType = sourcecode.swift; path = HealthBackgroundTask.swift; sourceTree = "<group>"; };
		2C0C8F23441F1DD108E2C0EE /* FocusSetCard.swift */ = {isa = PBXFileReference; lastKnownFileType = sourcecode.swift; path = FocusSetCard.swift; sourceTree = "<group>"; };
		2C635D17DBD6BF940C89E024 /* AttachmentBar.swift */ = {isa = PBXFileReference; lastKnownFileType = sourcecode.swift; path = AttachmentBar.swift; sourceTree = "<group>"; };
		2D4B230E77EB04B73239A542 /* JarvisUITests.xctest */ = {isa = PBXFileReference; includeInIndex = 0; lastKnownFileType = wrapper.cfbundle; path = JarvisUITests.xctest; sourceTree = BUILT_PRODUCTS_DIR; };
		2D63F33AD4D4289C68D1484A /* VoiceLoopControllerTests.swift */ = {isa = PBXFileReference; lastKnownFileType = sourcecode.swift; path = VoiceLoopControllerTests.swift; sourceTree = "<group>"; };
		2EB360836F87EDA3890F1E5B /* HrSpikeDetector.swift */ = {isa = PBXFileReference; lastKnownFileType = sourcecode.swift; path = HrSpikeDetector.swift; sourceTree = "<group>"; };
		30BC68D46F2D2CB7210A1C1D /* WorkoutPreviewUpdateTests.swift */ = {isa = PBXFileReference; lastKnownFileType = sourcecode.swift; path = WorkoutPreviewUpdateTests.swift; sourceTree = "<group>"; };
		30FC5BD6D50254FA42A44C89 /* MessageTimelineTests.swift */ = {isa = PBXFileReference; lastKnownFileType = sourcecode.swift; path = MessageTimelineTests.swift; sourceTree = "<group>"; };
		32B6DEE248F4B0193B7B08FC /* RestTimerTests.swift */ = {isa = PBXFileReference; lastKnownFileType = sourcecode.swift; path = RestTimerTests.swift; sourceTree = "<group>"; };
		3463D1D36ABB670A0DAC6243 /* ContextBuilder.swift */ = {isa = PBXFileReference; lastKnownFileType = sourcecode.swift; path = ContextBuilder.swift; sourceTree = "<group>"; };
		356D5EEBE95E4BA3082109E3 /* WorkoutRunnerLogicTests.swift */ = {isa = PBXFileReference; lastKnownFileType = sourcecode.swift; path = WorkoutRunnerLogicTests.swift; sourceTree = "<group>"; };
		3784B2D589C11B07F162E081 /* ChatView.swift */ = {isa = PBXFileReference; lastKnownFileType = sourcecode.swift; path = ChatView.swift; sourceTree = "<group>"; };
		38A007C4C73B5CD2D3AC048B /* ChatListItem.swift */ = {isa = PBXFileReference; lastKnownFileType = sourcecode.swift; path = ChatListItem.swift; sourceTree = "<group>"; };
		3938A8FAFFE0C0AFCC9FEE38 /* InboundDispatcherV2Tests.swift */ = {isa = PBXFileReference; lastKnownFileType = sourcecode.swift; path = InboundDispatcherV2Tests.swift; sourceTree = "<group>"; };
		39A1411D12B13E550ED69744 /* RightDrawerTests.swift */ = {isa = PBXFileReference; lastKnownFileType = sourcecode.swift; path = RightDrawerTests.swift; sourceTree = "<group>"; };
		3C6A33B378AA0CC36F2DE37A /* ConnectivityMonitor.swift */ = {isa = PBXFileReference; lastKnownFileType = sourcecode.swift; path = ConnectivityMonitor.swift; sourceTree = "<group>"; };
		3CBD576F66D1AFE2F6EAE842 /* RightDrawerContent.swift */ = {isa = PBXFileReference; lastKnownFileType = sourcecode.swift; path = RightDrawerContent.swift; sourceTree = "<group>"; };
		3D05F9A8E1DD2C726DCF0259 /* ProfileView.swift */ = {isa = PBXFileReference; lastKnownFileType = sourcecode.swift; path = ProfileView.swift; sourceTree = "<group>"; };
		3DC04EA76CC0F89FF14E7849 /* HealthHistory.swift */ = {isa = PBXFileReference; lastKnownFileType = sourcecode.swift; path = HealthHistory.swift; sourceTree = "<group>"; };
		3DD1109858A9F6E479E286A1 /* HealthBackgroundTaskTests.swift */ = {isa = PBXFileReference; lastKnownFileType = sourcecode.swift; path = HealthBackgroundTaskTests.swift; sourceTree = "<group>"; };
		3F4B9D1F796C301C15ED1A3D /* AppSettings.swift */ = {isa = PBXFileReference; lastKnownFileType = sourcecode.swift; path = AppSettings.swift; sourceTree = "<group>"; };
		407AF8586506D0610BCD4DC7 /* Workout.swift */ = {isa = PBXFileReference; lastKnownFileType = sourcecode.swift; path = Workout.swift; sourceTree = "<group>"; };
		41BCF57926DDA2C4BAF8106F /* WorkoutFormatTests.swift */ = {isa = PBXFileReference; lastKnownFileType = sourcecode.swift; path = WorkoutFormatTests.swift; sourceTree = "<group>"; };
		43CE7D6D0EB2FA4A6B041454 /* JarvisApp.swift */ = {isa = PBXFileReference; lastKnownFileType = sourcecode.swift; path = JarvisApp.swift; sourceTree = "<group>"; };
		44C051ECA1BBC173253E5FF4 /* HeaderStatusDotTests.swift */ = {isa = PBXFileReference; lastKnownFileType = sourcecode.swift; path = HeaderStatusDotTests.swift; sourceTree = "<group>"; };
		4540556E737B1FF782CE9556 /* ChatPrewarmer.swift */ = {isa = PBXFileReference; lastKnownFileType = sourcecode.swift; path = ChatPrewarmer.swift; sourceTree = "<group>"; };
		4741A7AAAEAAB4133351A78F /* GreetingBankTests.swift */ = {isa = PBXFileReference; lastKnownFileType = sourcecode.swift; path = GreetingBankTests.swift; sourceTree = "<group>"; };
		4872976D5AE47EAE125433FA /* ServerConfig.swift */ = {isa = PBXFileReference; lastKnownFileType = sourcecode.swift; path = ServerConfig.swift; sourceTree = "<group>"; };
		48A9578A316F0AB1F8247B95 /* Theme.swift */ = {isa = PBXFileReference; lastKnownFileType = sourcecode.swift; path = Theme.swift; sourceTree = "<group>"; };
		4A7602CA89C5703F581DB155 /* AgentIdentityTests.swift */ = {isa = PBXFileReference; lastKnownFileType = sourcecode.swift; path = AgentIdentityTests.swift; sourceTree = "<group>"; };
		4B444C288D4DEB267ABF3D02 /* V2.swift */ = {isa = PBXFileReference; lastKnownFileType = sourcecode.swift; path = V2.swift; sourceTree = "<group>"; };
		4D4FF344A7F45A86D8241127 /* StoredAttachment.swift */ = {isa = PBXFileReference; lastKnownFileType = sourcecode.swift; path = StoredAttachment.swift; sourceTree = "<group>"; };
		4DCBEC9BA80E9EC8768D5A6B /* Schema.swift */ = {isa = PBXFileReference; lastKnownFileType = sourcecode.swift; path = Schema.swift; sourceTree = "<group>"; };
		5114A888276D0E083FC387EB /* ContextBuilderTests.swift */ = {isa = PBXFileReference; lastKnownFileType = sourcecode.swift; path = ContextBuilderTests.swift; sourceTree = "<group>"; };
		554BF5C37C33D1542F61065C /* WatchTheme.swift */ = {isa = PBXFileReference; lastKnownFileType = sourcecode.swift; path = WatchTheme.swift; sourceTree = "<group>"; };
		5763584CB5FE92DAB00C7C57 /* WatchConnectivityBridgeTests.swift */ = {isa = PBXFileReference; lastKnownFileType = sourcecode.swift; path = WatchConnectivityBridgeTests.swift; sourceTree = "<group>"; };
		5A07127DD756653FDA997A10 /* ExerciseBannerView.swift */ = {isa = PBXFileReference; lastKnownFileType = sourcecode.swift; path = ExerciseBannerView.swift; sourceTree = "<group>"; };
		5CF4706CEA962FA2A8E7F5D4 /* AudioPlaybackService.swift */ = {isa = PBXFileReference; lastKnownFileType = sourcecode.swift; path = AudioPlaybackService.swift; sourceTree = "<group>"; };
		5E0FFCD560E41761030820EB /* MessageTimeline.swift */ = {isa = PBXFileReference; lastKnownFileType = sourcecode.swift; path = MessageTimeline.swift; sourceTree = "<group>"; };
		5F1865E9C40A015A0AFD1026 /* ProtocolFixtureTests.swift */ = {isa = PBXFileReference; lastKnownFileType = sourcecode.swift; path = ProtocolFixtureTests.swift; sourceTree = "<group>"; };
		63F99A4953300541E52CE55B /* DraftAttachment.swift */ = {isa = PBXFileReference; lastKnownFileType = sourcecode.swift; path = DraftAttachment.swift; sourceTree = "<group>"; };
		679495851538B21ECAB0FF20 /* TransportV2.swift */ = {isa = PBXFileReference; lastKnownFileType = sourcecode.swift; path = TransportV2.swift; sourceTree = "<group>"; };
		692F9E85378427AA7C0DC3B6 /* WorkoutFinishView.swift */ = {isa = PBXFileReference; lastKnownFileType = sourcecode.swift; path = WorkoutFinishView.swift; sourceTree = "<group>"; };
		6931A58F122A71990D09EF46 /* JarvisApp.app */ = {isa = PBXFileReference; includeInIndex = 0; lastKnownFileType = wrapper.application; path = JarvisApp.app; sourceTree = BUILT_PRODUCTS_DIR; };
		6A7B2AACD776CE3B037E3691 /* HealthRequests.swift */ = {isa = PBXFileReference; lastKnownFileType = sourcecode.swift; path = HealthRequests.swift; sourceTree = "<group>"; };
		6B165040849DF187E7D1113C /* OrbInputBar.swift */ = {isa = PBXFileReference; lastKnownFileType = sourcecode.swift; path = OrbInputBar.swift; sourceTree = "<group>"; };
		6C18FEBC87883D1730806373 /* ActiveAgentState.swift */ = {isa = PBXFileReference; lastKnownFileType = sourcecode.swift; path = ActiveAgentState.swift; sourceTree = "<group>"; };
		6C904740E5DA9FD762F5645C /* WatchContentView.swift */ = {isa = PBXFileReference; lastKnownFileType = sourcecode.swift; path = WatchContentView.swift; sourceTree = "<group>"; };
		6F2F23DBFF6A1610BEE2FD31 /* .gitkeep */ = {isa = PBXFileReference; path = .gitkeep; sourceTree = "<group>"; };
		6FD66A2437F0B2BEBD7D10FA /* ChatListItemTests.swift */ = {isa = PBXFileReference; lastKnownFileType = sourcecode.swift; path = ChatListItemTests.swift; sourceTree = "<group>"; };
		703546F90859B4BA021E0CC9 /* WebSocketClientV2.swift */ = {isa = PBXFileReference; lastKnownFileType = sourcecode.swift; path = WebSocketClientV2.swift; sourceTree = "<group>"; };
		70CB3BB03A2BE8986BF2ECD4 /* WorkoutPlanRealEnvelopeTests.swift */ = {isa = PBXFileReference; lastKnownFileType = sourcecode.swift; path = WorkoutPlanRealEnvelopeTests.swift; sourceTree = "<group>"; };
		72069FC546766200DF7310C7 /* StateBoardViewTests.swift */ = {isa = PBXFileReference; lastKnownFileType = sourcecode.swift; path = StateBoardViewTests.swift; sourceTree = "<group>"; };
		79BA0C6F1B3FEBDF845A2F74 /* MarkdownText.swift */ = {isa = PBXFileReference; lastKnownFileType = sourcecode.swift; path = MarkdownText.swift; sourceTree = "<group>"; };
		7ACF97B7F5A709D4D3152C6B /* ProactiveDispatcherTests.swift */ = {isa = PBXFileReference; lastKnownFileType = sourcecode.swift; path = ProactiveDispatcherTests.swift; sourceTree = "<group>"; };
		7E3F9C23834F32A5E7F85B01 /* JarvisUITests.swift */ = {isa = PBXFileReference; lastKnownFileType = sourcecode.swift; path = JarvisUITests.swift; sourceTree = "<group>"; };
		834E333F228FB23CEB38FB63 /* MessageMappingTests.swift */ = {isa = PBXFileReference; lastKnownFileType = sourcecode.swift; path = MessageMappingTests.swift; sourceTree = "<group>"; };
		834FF3E88E233A898EDBA444 /* TransportV2WorkoutTests.swift */ = {isa = PBXFileReference; lastKnownFileType = sourcecode.swift; path = TransportV2WorkoutTests.swift; sourceTree = "<group>"; };
		83BBF8E04395E33F04CDE186 /* EmojiPickerView.swift */ = {isa = PBXFileReference; lastKnownFileType = sourcecode.swift; path = EmojiPickerView.swift; sourceTree = "<group>"; };
		83D3D7941261E832088202BF /* EmptyStateView.swift */ = {isa = PBXFileReference; lastKnownFileType = sourcecode.swift; path = EmptyStateView.swift; sourceTree = "<group>"; };
		87683378CBFC1F9C7E4CEBC6 /* WorkoutPlanDecodeTests.swift */ = {isa = PBXFileReference; lastKnownFileType = sourcecode.swift; path = WorkoutPlanDecodeTests.swift; sourceTree = "<group>"; };
		88D0FB537AE4C8BCE53B1A96 /* WorkoutView.swift */ = {isa = PBXFileReference; lastKnownFileType = sourcecode.swift; path = WorkoutView.swift; sourceTree = "<group>"; };
		8B288DE4478FD534ADB9C861 /* RestTimer.swift */ = {isa = PBXFileReference; lastKnownFileType = sourcecode.swift; path = RestTimer.swift; sourceTree = "<group>"; };
		8C9EB1688DB74A7280A71824 /* ConversationStoreV2AgentTests.swift */ = {isa = PBXFileReference; lastKnownFileType = sourcecode.swift; path = ConversationStoreV2AgentTests.swift; sourceTree = "<group>"; };
		8F8D87E938816ECB8B161DBD /* ContentView.swift */ = {isa = PBXFileReference; lastKnownFileType = sourcecode.swift; path = ContentView.swift; sourceTree = "<group>"; };
		903F8E4E445A8A4777CE3812 /* AttachmentMigration.swift */ = {isa = PBXFileReference; lastKnownFileType = sourcecode.swift; path = AttachmentMigration.swift; sourceTree = "<group>"; };
		907A26F7D7D3118CDA3A340D /* HomeViewSmokeTests.swift */ = {isa = PBXFileReference; lastKnownFileType = sourcecode.swift; path = HomeViewSmokeTests.swift; sourceTree = "<group>"; };
		90C036FF712D8EB7735FCBC7 /* HealthStripView.swift */ = {isa = PBXFileReference; lastKnownFileType = sourcecode.swift; path = HealthStripView.swift; sourceTree = "<group>"; };
		9143ED9DD7B640862D468B63 /* Assets.xcassets */ = {isa = PBXFileReference; lastKnownFileType = folder.assetcatalog; path = Assets.xcassets; sourceTree = "<group>"; };
		9592AD08ED6648DF9CCC7149 /* Message.swift */ = {isa = PBXFileReference; lastKnownFileType = sourcecode.swift; path = Message.swift; sourceTree = "<group>"; };
		97D8CEE69D33E1581710A543 /* ConversationStoreV2.swift */ = {isa = PBXFileReference; lastKnownFileType = sourcecode.swift; path = ConversationStoreV2.swift; sourceTree = "<group>"; };
		9825F81040F6DD9FE0033F85 /* StoredAction.swift */ = {isa = PBXFileReference; lastKnownFileType = sourcecode.swift; path = StoredAction.swift; sourceTree = "<group>"; };
		9B226A1DA1BA45112E46E3E8 /* StateBoardView.swift */ = {isa = PBXFileReference; lastKnownFileType = sourcecode.swift; path = StateBoardView.swift; sourceTree = "<group>"; };
		9C7B608446E68C7DF9024CE9 /* SwapSheetTests.swift */ = {isa = PBXFileReference; lastKnownFileType = sourcecode.swift; path = SwapSheetTests.swift; sourceTree = "<group>"; };
		9CA9AB7ECDA3459F9A0C107B /* SwapSheet.swift */ = {isa = PBXFileReference; lastKnownFileType = sourcecode.swift; path = SwapSheet.swift; sourceTree = "<group>"; };
		9F0295CB82FF20C8764842F6 /* CameraPicker.swift */ = {isa = PBXFileReference; lastKnownFileType = sourcecode.swift; path = CameraPicker.swift; sourceTree = "<group>"; };
		A07EC072A68CDC8A092D7A94 /* URLSessionWebSocket.swift */ = {isa = PBXFileReference; lastKnownFileType = sourcecode.swift; path = URLSessionWebSocket.swift; sourceTree = "<group>"; };
		A08C410E0AB3268B2BF632EB /* ExerciseImageCacheTests.swift */ = {isa = PBXFileReference; lastKnownFileType = sourcecode.swift; path = ExerciseImageCacheTests.swift; sourceTree = "<group>"; };
		A74E0FAB0E7A0CB250C4C306 /* Info.plist */ = {isa = PBXFileReference; lastKnownFileType = text.plist; path = Info.plist; sourceTree = "<group>"; };
		A96DB97B10316EC2BF92DDB4 /* StateModelTests.swift */ = {isa = PBXFileReference; lastKnownFileType = sourcecode.swift; path = StateModelTests.swift; sourceTree = "<group>"; };
		AA42D336E93B35827195BBBB /* WorkoutModelsTests.swift */ = {isa = PBXFileReference; lastKnownFileType = sourcecode.swift; path = WorkoutModelsTests.swift; sourceTree = "<group>"; };
		ABDA888C65A72DD99A311CC2 /* SuggestionEngine.swift */ = {isa = PBXFileReference; lastKnownFileType = sourcecode.swift; path = SuggestionEngine.swift; sourceTree = "<group>"; };
		AD071F87D29FB56097E001A0 /* OrbVoiceView.swift */ = {isa = PBXFileReference; lastKnownFileType = sourcecode.swift; path = OrbVoiceView.swift; sourceTree = "<group>"; };
		ADEAA45ED94FF8B7242FDE29 /* HeaderStatusDot.swift */ = {isa = PBXFileReference; lastKnownFileType = sourcecode.swift; path = HeaderStatusDot.swift; sourceTree = "<group>"; };
		B08ADF5C053B4AD89D3CD44E /* StatusV2.swift */ = {isa = PBXFileReference; lastKnownFileType = sourcecode.swift; path = StatusV2.swift; sourceTree = "<group>"; };
		B17C0619207CE65994BF0385 /* WatchConnectivityBridge.swift */ = {isa = PBXFileReference; lastKnownFileType = sourcecode.swift; path = WatchConnectivityBridge.swift; sourceTree = "<group>"; };
		B254569C52137C9E716B3DCD /* OrbHomeView.swift */ = {isa = PBXFileReference; lastKnownFileType = sourcecode.swift; path = OrbHomeView.swift; sourceTree = "<group>"; };
		B2BB3949271147491E3FA597 /* ProactiveDispatcher.swift */ = {isa = PBXFileReference; lastKnownFileType = sourcecode.swift; path = ProactiveDispatcher.swift; sourceTree = "<group>"; };
		B3C4FB0DCE7115FB8C5039E7 /* JarvisAppTests.xctest */ = {isa = PBXFileReference; includeInIndex = 0; lastKnownFileType = wrapper.cfbundle; path = JarvisAppTests.xctest; sourceTree = BUILT_PRODUCTS_DIR; };
		B3EB21126CB3C83D223E10A6 /* WatchAppState.swift */ = {isa = PBXFileReference; lastKnownFileType = sourcecode.swift; path = WatchAppState.swift; sourceTree = "<group>"; };
		B6BD1E4ABB502A83CDD29883 /* MiniOrbView.swift */ = {isa = PBXFileReference; lastKnownFileType = sourcecode.swift; path = MiniOrbView.swift; sourceTree = "<group>"; };
		B7AD4257FEF8E2B0DDBFA065 /* WebSocketClientV2Tests.swift */ = {isa = PBXFileReference; lastKnownFileType = sourcecode.swift; path = WebSocketClientV2Tests.swift; sourceTree = "<group>"; };
		B89708E4E59AE056D27564C3 /* JarvisWatch.app */ = {isa = PBXFileReference; explicitFileType = wrapper.application; includeInIndex = 0; path = JarvisWatch.app; sourceTree = BUILT_PRODUCTS_DIR; };
		BC64D6340917C38B04005455 /* SetLogQueueTests.swift */ = {isa = PBXFileReference; lastKnownFileType = sourcecode.swift; path = SetLogQueueTests.swift; sourceTree = "<group>"; };
		BC8AA1266F068858AEA1D784 /* SchemaV3MigrationTests.swift */ = {isa = PBXFileReference; lastKnownFileType = sourcecode.swift; path = SchemaV3MigrationTests.swift; sourceTree = "<group>"; };
		BCBFBC1CBF61FAA3912EB401 /* AgentPickerInline.swift */ = {isa = PBXFileReference; lastKnownFileType = sourcecode.swift; path = AgentPickerInline.swift; sourceTree = "<group>"; };
		BCD520F14145C721CB957282 /* ChatImageStore.swift */ = {isa = PBXFileReference; lastKnownFileType = sourcecode.swift; path = ChatImageStore.swift; sourceTree = "<group>"; };
		BD51F238E46BCB805C742CEE /* LocationManager.swift */ = {isa = PBXFileReference; lastKnownFileType = sourcecode.swift; path = LocationManager.swift; sourceTree = "<group>"; };
		BD6558F7C0D54EB55E6DFD1C /* ActiveAgentStateTests.swift */ = {isa = PBXFileReference; lastKnownFileType = sourcecode.swift; path = ActiveAgentStateTests.swift; sourceTree = "<group>"; };
		C364D6CA940FD4E119BBB4FF /* HealthSyncTests.swift */ = {isa = PBXFileReference; lastKnownFileType = sourcecode.swift; path = HealthSyncTests.swift; sourceTree = "<group>"; };
		C3E5E42CC2C921F15C37BEC3 /* E2EHarness.swift */ = {isa = PBXFileReference; lastKnownFileType = sourcecode.swift; path = E2EHarness.swift; sourceTree = "<group>"; };
		C576CDFA7FEBFCE26DA9BFD0 /* MessageListView.swift */ = {isa = PBXFileReference; lastKnownFileType = sourcecode.swift; path = MessageListView.swift; sourceTree = "<group>"; };
		C7F32FF80D3E90C60D06FDC3 /* InboundDispatcherV2.swift */ = {isa = PBXFileReference; lastKnownFileType = sourcecode.swift; path = InboundDispatcherV2.swift; sourceTree = "<group>"; };
		D10CF5BBED79F3B2BAA5A0B9 /* CalendarManager.swift */ = {isa = PBXFileReference; lastKnownFileType = sourcecode.swift; path = CalendarManager.swift; sourceTree = "<group>"; };
		D4C75412A22FD477079ABB55 /* JarvisWatchApp.swift */ = {isa = PBXFileReference; lastKnownFileType = sourcecode.swift; path = JarvisWatchApp.swift; sourceTree = "<group>"; };
		D4F5269F585666FD6D8F3D6F /* ChatViewAgentFilterTests.swift */ = {isa = PBXFileReference; lastKnownFileType = sourcecode.swift; path = ChatViewAgentFilterTests.swift; sourceTree = "<group>"; };
		D6B42F42A5AB27AFC0DD5943 /* UnifiedInputBar.swift */ = {isa = PBXFileReference; lastKnownFileType = sourcecode.swift; path = UnifiedInputBar.swift; sourceTree = "<group>"; };
		D79D4272E5619C20A18D50D9 /* Log.swift */ = {isa = PBXFileReference; lastKnownFileType = sourcecode.swift; path = Log.swift; sourceTree = "<group>"; };
		E170C6CA46AA3734A80C81A2 /* FullScreenImageView.swift */ = {isa = PBXFileReference; lastKnownFileType = sourcecode.swift; path = FullScreenImageView.swift; sourceTree = "<group>"; };
		E1916FC4113359563C4205F1 /* SetLogQueue.swift */ = {isa = PBXFileReference; lastKnownFileType = sourcecode.swift; path = SetLogQueue.swift; sourceTree = "<group>"; };
		E1E7FBAD4AE7AF8E526AC62E /* AppCoordinator.swift */ = {isa = PBXFileReference; lastKnownFileType = sourcecode.swift; path = AppCoordinator.swift; sourceTree = "<group>"; };
		E4D374490F6700DFE6CD2A40 /* RingView.swift */ = {isa = PBXFileReference; lastKnownFileType = sourcecode.swift; path = RingView.swift; sourceTree = "<group>"; };
		E5DD83E71D9C3008ACBE81F2 /* ConnectionBanner.swift */ = {isa = PBXFileReference; lastKnownFileType = sourcecode.swift; path = ConnectionBanner.swift; sourceTree = "<group>"; };
		E676498A47D5EE166C7C9CF4 /* StoredAttachmentTests.swift */ = {isa = PBXFileReference; lastKnownFileType = sourcecode.swift; path = StoredAttachmentTests.swift; sourceTree = "<group>"; };
		E6D22E07581550F2379E4CC3 /* VoiceFullscreenTests.swift */ = {isa = PBXFileReference; lastKnownFileType = sourcecode.swift; path = VoiceFullscreenTests.swift; sourceTree = "<group>"; };
		E8D8F2B9D8F6461190029F75 /* SpeechManager.swift */ = {isa = PBXFileReference; lastKnownFileType = sourcecode.swift; path = SpeechManager.swift; sourceTree = "<group>"; };
		EDC10BA9695C24F9819D51C2 /* CoachBannerView.swift */ = {isa = PBXFileReference; lastKnownFileType = sourcecode.swift; path = CoachBannerView.swift; sourceTree = "<group>"; };
		EF942308460AF6C2A8AE638E /* StateService.swift */ = {isa = PBXFileReference; lastKnownFileType = sourcecode.swift; path = StateService.swift; sourceTree = "<group>"; };
		F03A28FA27D78891B79DD64F /* WorkoutCoordinatorTests.swift */ = {isa = PBXFileReference; lastKnownFileType = sourcecode.swift; path = WorkoutCoordinatorTests.swift; sourceTree = "<group>"; };
		F07A48DFDFE814C899E5E434 /* ExerciseCardView.swift */ = {isa = PBXFileReference; lastKnownFileType = sourcecode.swift; path = ExerciseCardView.swift; sourceTree = "<group>"; };
		F0C84294434D6D5A3845BD5D /* HealthUpload.swift */ = {isa = PBXFileReference; lastKnownFileType = sourcecode.swift; path = HealthUpload.swift; sourceTree = "<group>"; };
		F236228C8C83CFFE21712C2B /* WorkoutPreviewView.swift */ = {isa = PBXFileReference; lastKnownFileType = sourcecode.swift; path = WorkoutPreviewView.swift; sourceTree = "<group>"; };
		F25916E3D90DB6728E543810 /* LoggedSetChips.swift */ = {isa = PBXFileReference; lastKnownFileType = sourcecode.swift; path = LoggedSetChips.swift; sourceTree = "<group>"; };
		F38E1835A732AD75F82D9CEF /* AgentIdentity.swift */ = {isa = PBXFileReference; lastKnownFileType = sourcecode.swift; path = AgentIdentity.swift; sourceTree = "<group>"; };
		F4212E96E265F732C0CA6A0F /* StateModel.swift */ = {isa = PBXFileReference; lastKnownFileType = sourcecode.swift; path = StateModel.swift; sourceTree = "<group>"; };
		F4800B2F3554B52EE041BEAD /* VoiceLoopController.swift */ = {isa = PBXFileReference; lastKnownFileType = sourcecode.swift; path = VoiceLoopController.swift; sourceTree = "<group>"; };
		F5420CA4F9BA4C813FF9E90B /* DeliveryChecks.swift */ = {isa = PBXFileReference; lastKnownFileType = sourcecode.swift; path = DeliveryChecks.swift; sourceTree = "<group>"; };
		F5A055AF8989128A047D605C /* HealthSync.swift */ = {isa = PBXFileReference; lastKnownFileType = sourcecode.swift; path = HealthSync.swift; sourceTree = "<group>"; };
		F655A8E66E4870DFFB6EBA41 /* AppContextCoordinator.swift */ = {isa = PBXFileReference; lastKnownFileType = sourcecode.swift; path = AppContextCoordinator.swift; sourceTree = "<group>"; };
		F83A9350505267EC2E9CBEAD /* HrSpikeDetectorTests.swift */ = {isa = PBXFileReference; lastKnownFileType = sourcecode.swift; path = HrSpikeDetectorTests.swift; sourceTree = "<group>"; };
		F97CBF0AABC30420DADE7A50 /* HealthHistoryTests.swift */ = {isa = PBXFileReference; lastKnownFileType = sourcecode.swift; path = HealthHistoryTests.swift; sourceTree = "<group>"; };
		FAAE91150FB182B64898418C /* WorkoutRunnerLogic.swift */ = {isa = PBXFileReference; lastKnownFileType = sourcecode.swift; path = WorkoutRunnerLogic.swift; sourceTree = "<group>"; };
		FC317B371153E91110B04D96 /* WorkoutCoordinator.swift */ = {isa = PBXFileReference; lastKnownFileType = sourcecode.swift; path = WorkoutCoordinator.swift; sourceTree = "<group>"; };
		FC413AB63E0CA681D14B53B1 /* GreetingBank.swift */ = {isa = PBXFileReference; lastKnownFileType = sourcecode.swift; path = GreetingBank.swift; sourceTree = "<group>"; };
		FC430323408B66D7F47AA5B8 /* ChatImageStoreTests.swift */ = {isa = PBXFileReference; lastKnownFileType = sourcecode.swift; path = ChatImageStoreTests.swift; sourceTree = "<group>"; };
		FE1A573133241875D7269CED /* HealthManager.swift */ = {isa = PBXFileReference; lastKnownFileType = sourcecode.swift; path = HealthManager.swift; sourceTree = "<group>"; };
/* End PBXFileReference section */

/* Begin PBXFrameworksBuildPhase section */
		E3A47A4D98DEA28A574DC7E2 /* Frameworks */ = {
			isa = PBXFrameworksBuildPhase;
			buildActionMask = 2147483647;
			files = (
				365191E0FC23319F9CA2C898 /* GRDB in Frameworks */,
			);
			runOnlyForDeploymentPostprocessing = 0;
		};
/* End PBXFrameworksBuildPhase section */

/* Begin PBXGroup section */
		08FED5B7DD0903F841695517 /* JarvisApp */ = {
			isa = PBXGroup;
			children = (
				43CE7D6D0EB2FA4A6B041454 /* JarvisApp.swift */,
				375599C96F41C85EBA186CDD /* Components */,
				6A91EB93906C06261AF87B3F /* Models */,
				2B9CCD148BD8CE870CD77DB9 /* Protocol */,
				C956B7C72DFE52C7EACA126E /* Services */,
				A9F4682DBEF6525CB93FBC41 /* Storage */,
				40A764E96CD86A05C73ED4D1 /* Utility */,
				699E1B9953460F6945E81F1F /* Views */,
			);
			name = JarvisApp;
			path = Sources/JarvisApp;
			sourceTree = "<group>";
		};
		241DC7A9A2CF5BC2D04B1BB2 /* Products */ = {
			isa = PBXGroup;
			children = (
				6931A58F122A71990D09EF46 /* JarvisApp.app */,
				B3C4FB0DCE7115FB8C5039E7 /* JarvisAppTests.xctest */,
				2D4B230E77EB04B73239A542 /* JarvisUITests.xctest */,
				B89708E4E59AE056D27564C3 /* JarvisWatch.app */,
			);
			name = Products;
			sourceTree = "<group>";
		};
		2B9CCD148BD8CE870CD77DB9 /* Protocol */ = {
			isa = PBXGroup;
			children = (
				4B444C288D4DEB267ABF3D02 /* V2.swift */,
			);
			path = Protocol;
			sourceTree = "<group>";
		};
		375599C96F41C85EBA186CDD /* Components */ = {
			isa = PBXGroup;
			children = (
				2C635D17DBD6BF940C89E024 /* AttachmentBar.swift */,
				9F0295CB82FF20C8764842F6 /* CameraPicker.swift */,
				E5DD83E71D9C3008ACBE81F2 /* ConnectionBanner.swift */,
				F5420CA4F9BA4C813FF9E90B /* DeliveryChecks.swift */,
				83BBF8E04395E33F04CDE186 /* EmojiPickerView.swift */,
				83D3D7941261E832088202BF /* EmptyStateView.swift */,
				ADEAA45ED94FF8B7242FDE29 /* HeaderStatusDot.swift */,
				90C036FF712D8EB7735FCBC7 /* HealthStripView.swift */,
				0B48F479168B41727E62B105 /* InputBar.swift */,
				79BA0C6F1B3FEBDF845A2F74 /* MarkdownText.swift */,
				C576CDFA7FEBFCE26DA9BFD0 /* MessageListView.swift */,
				00895EA002A4092BA433AF4C /* MessageRow.swift */,
				B6BD1E4ABB502A83CDD29883 /* MiniOrbView.swift */,
				6B165040849DF187E7D1113C /* OrbInputBar.swift */,
				0878BB56B60BF7ED18D7A4E3 /* OrbView.swift */,
				E4D374490F6700DFE6CD2A40 /* RingView.swift */,
				D6B42F42A5AB27AFC0DD5943 /* UnifiedInputBar.swift */,
			);
			path = Components;
			sourceTree = "<group>";
		};
		40A764E96CD86A05C73ED4D1 /* Utility */ = {
			isa = PBXGroup;
			children = (
				3463D1D36ABB670A0DAC6243 /* ContextBuilder.swift */,
				FC413AB63E0CA681D14B53B1 /* GreetingBank.swift */,
				D79D4272E5619C20A18D50D9 /* Log.swift */,
				4872976D5AE47EAE125433FA /* ServerConfig.swift */,
				ABDA888C65A72DD99A311CC2 /* SuggestionEngine.swift */,
				48A9578A316F0AB1F8247B95 /* Theme.swift */,
			);
			path = Utility;
			sourceTree = "<group>";
		};
		4FB414BBF6CFA56887BE734C /* JarvisWatch */ = {
			isa = PBXGroup;
			children = (
				A74E0FAB0E7A0CB250C4C306 /* Info.plist */,
				D4C75412A22FD477079ABB55 /* JarvisWatchApp.swift */,
				B3EB21126CB3C83D223E10A6 /* WatchAppState.swift */,
				6C904740E5DA9FD762F5645C /* WatchContentView.swift */,
				554BF5C37C33D1542F61065C /* WatchTheme.swift */,
			);
			name = JarvisWatch;
			path = Sources/JarvisWatch;
			sourceTree = "<group>";
		};
		699E1B9953460F6945E81F1F /* Views */ = {
			isa = PBXGroup;
			children = (
				BCBFBC1CBF61FAA3912EB401 /* AgentPickerInline.swift */,
				3784B2D589C11B07F162E081 /* ChatView.swift */,
				8F8D87E938816ECB8B161DBD /* ContentView.swift */,
				E170C6CA46AA3734A80C81A2 /* FullScreenImageView.swift */,
				163CA94C66DC661EC836E607 /* LeftDrawerContent.swift */,
				B254569C52137C9E716B3DCD /* OrbHomeView.swift */,
				AD071F87D29FB56097E001A0 /* OrbVoiceView.swift */,
				3D05F9A8E1DD2C726DCF0259 /* ProfileView.swift */,
				3CBD576F66D1AFE2F6EAE842 /* RightDrawerContent.swift */,
				2AF10B991F6600D17760B644 /* SettingsView.swift */,
				9B226A1DA1BA45112E46E3E8 /* StateBoardView.swift */,
				88D0FB537AE4C8BCE53B1A96 /* WorkoutView.swift */,
				77FCF8B0CDFBE375A727D802 /* Workout */,
			);
			path = Views;
			sourceTree = "<group>";
		};
		6A91EB93906C06261AF87B3F /* Models */ = {
			isa = PBXGroup;
			children = (
				6C18FEBC87883D1730806373 /* ActiveAgentState.swift */,
				F38E1835A732AD75F82D9CEF /* AgentIdentity.swift */,
				3F4B9D1F796C301C15ED1A3D /* AppSettings.swift */,
				38A007C4C73B5CD2D3AC048B /* ChatListItem.swift */,
				63F99A4953300541E52CE55B /* DraftAttachment.swift */,
				9592AD08ED6648DF9CCC7149 /* Message.swift */,
				F4212E96E265F732C0CA6A0F /* StateModel.swift */,
				9825F81040F6DD9FE0033F85 /* StoredAction.swift */,
				4D4FF344A7F45A86D8241127 /* StoredAttachment.swift */,
				407AF8586506D0610BCD4DC7 /* Workout.swift */,
				FAAE91150FB182B64898418C /* WorkoutRunnerLogic.swift */,
				19584709A9F814A108D69A97 /* WorkoutSetFormat.swift */,
			);
			path = Models;
			sourceTree = "<group>";
		};
		6DE5125DADE6709B05736E6D /* JarvisAppTests */ = {
			isa = PBXGroup;
			children = (
				6F2F23DBFF6A1610BEE2FD31 /* .gitkeep */,
				BD6558F7C0D54EB55E6DFD1C /* ActiveAgentStateTests.swift */,
				4A7602CA89C5703F581DB155 /* AgentIdentityTests.swift */,
				18C98262E67CAE6EAD54B784 /* AppV2BootstrapTests.swift */,
				05ACC337A0C4A86AD116625D /* AttachmentMigrationTests.swift */,
				146E88348A92657125F1592E /* ChatImageMappingTests.swift */,
				FC430323408B66D7F47AA5B8 /* ChatImageStoreTests.swift */,
				6FD66A2437F0B2BEBD7D10FA /* ChatListItemTests.swift */,
				D4F5269F585666FD6D8F3D6F /* ChatViewAgentFilterTests.swift */,
				5114A888276D0E083FC387EB /* ContextBuilderTests.swift */,
				8C9EB1688DB74A7280A71824 /* ConversationStoreV2AgentTests.swift */,
				24959CB110C9FBD30D2717F6 /* DeliveryChecksTests.swift */,
				A08C410E0AB3268B2BF632EB /* ExerciseImageCacheTests.swift */,
				4741A7AAAEAAB4133351A78F /* GreetingBankTests.swift */,
				44C051ECA1BBC173253E5FF4 /* HeaderStatusDotTests.swift */,
				3DD1109858A9F6E479E286A1 /* HealthBackgroundTaskTests.swift */,
				F97CBF0AABC30420DADE7A50 /* HealthHistoryTests.swift */,
				C364D6CA940FD4E119BBB4FF /* HealthSyncTests.swift */,
				F83A9350505267EC2E9CBEAD /* HrSpikeDetectorTests.swift */,
				3938A8FAFFE0C0AFCC9FEE38 /* InboundDispatcherV2Tests.swift */,
				008661D2D21BA968650C4E29 /* MarkdownTextTests.swift */,
				834E333F228FB23CEB38FB63 /* MessageMappingTests.swift */,
				30FC5BD6D50254FA42A44C89 /* MessageTimelineTests.swift */,
				7ACF97B7F5A709D4D3152C6B /* ProactiveDispatcherTests.swift */,
				5F1865E9C40A015A0AFD1026 /* ProtocolFixtureTests.swift */,
				32B6DEE248F4B0193B7B08FC /* RestTimerTests.swift */,
				BC8AA1266F068858AEA1D784 /* SchemaV3MigrationTests.swift */,
				BC64D6340917C38B04005455 /* SetLogQueueTests.swift */,
				72069FC546766200DF7310C7 /* StateBoardViewTests.swift */,
				A96DB97B10316EC2BF92DDB4 /* StateModelTests.swift */,
				E676498A47D5EE166C7C9CF4 /* StoredAttachmentTests.swift */,
				9C7B608446E68C7DF9024CE9 /* SwapSheetTests.swift */,
				0056A55985BB7DB31F765116 /* TransportV2Tests.swift */,
				24E75D5AB84CECDD2D10E119 /* TransportV2WorkoutInboundTests.swift */,
				834FF3E88E233A898EDBA444 /* TransportV2WorkoutTests.swift */,
				2D63F33AD4D4289C68D1484A /* VoiceLoopControllerTests.swift */,
				1B15C373E9A1A762EDBE060A /* VoiceOnlyStoreTests.swift */,
				5763584CB5FE92DAB00C7C57 /* WatchConnectivityBridgeTests.swift */,
				B7AD4257FEF8E2B0DDBFA065 /* WebSocketClientV2Tests.swift */,
				0383120D36D58F5C1BE35994 /* WorkoutCardIntegrationTests.swift */,
				F03A28FA27D78891B79DD64F /* WorkoutCoordinatorTests.swift */,
				41BCF57926DDA2C4BAF8106F /* WorkoutFormatTests.swift */,
				AA42D336E93B35827195BBBB /* WorkoutModelsTests.swift */,
				87683378CBFC1F9C7E4CEBC6 /* WorkoutPlanDecodeTests.swift */,
				70CB3BB03A2BE8986BF2ECD4 /* WorkoutPlanRealEnvelopeTests.swift */,
				30BC68D46F2D2CB7210A1C1D /* WorkoutPreviewUpdateTests.swift */,
				356D5EEBE95E4BA3082109E3 /* WorkoutRunnerLogicTests.swift */,
				A91EE1529D439338A641F961 /* E2E */,
			);
			name = JarvisAppTests;
			path = Sources/JarvisAppTests;
			sourceTree = "<group>";
		};
		77FCF8B0CDFBE375A727D802 /* Workout */ = {
			isa = PBXGroup;
			children = (
				EDC10BA9695C24F9819D51C2 /* CoachBannerView.swift */,
				1DDE0559A1153247D9E152ED /* DurationCard.swift */,
				5A07127DD756653FDA997A10 /* ExerciseBannerView.swift */,
				F07A48DFDFE814C899E5E434 /* ExerciseCardView.swift */,
				2C0C8F23441F1DD108E2C0EE /* FocusSetCard.swift */,
				F25916E3D90DB6728E543810 /* LoggedSetChips.swift */,
				075F6858BA226D105AA47442 /* RecommendationPanel.swift */,
				1D936C1B29DF1CA0ADC0AEAE /* RestTimerOverlay.swift */,
				9CA9AB7ECDA3459F9A0C107B /* SwapSheet.swift */,
				692F9E85378427AA7C0DC3B6 /* WorkoutFinishView.swift */,
				F236228C8C83CFFE21712C2B /* WorkoutPreviewView.swift */,
			);
			path = Workout;
			sourceTree = "<group>";
		};
		8CAED7961B65328860378087 /* JarvisUITests */ = {
			isa = PBXGroup;
			children = (
				907A26F7D7D3118CDA3A340D /* HomeViewSmokeTests.swift */,
				7E3F9C23834F32A5E7F85B01 /* JarvisUITests.swift */,
				39A1411D12B13E550ED69744 /* RightDrawerTests.swift */,
				05AA5A25FF72A993B2BA61E6 /* ThinkingRowTests.swift */,
				E6D22E07581550F2379E4CC3 /* VoiceFullscreenTests.swift */,
			);
			name = JarvisUITests;
			path = Sources/JarvisUITests;
			sourceTree = "<group>";
		};
		A91EE1529D439338A641F961 /* E2E */ = {
			isa = PBXGroup;
			children = (
				C3E5E42CC2C921F15C37BEC3 /* E2EHarness.swift */,
				2AD0E7B1A84B042B9178B51D /* HappyPathE2ETests.swift */,
				2679503D77A538E81CAFED55 /* PendingScenariosE2ETests.swift */,
			);
			path = E2E;
			sourceTree = "<group>";
		};
		A9F4682DBEF6525CB93FBC41 /* Storage */ = {
			isa = PBXGroup;
			children = (
				903F8E4E445A8A4777CE3812 /* AttachmentMigration.swift */,
				97D8CEE69D33E1581710A543 /* ConversationStoreV2.swift */,
				5E0FFCD560E41761030820EB /* MessageTimeline.swift */,
				4DCBEC9BA80E9EC8768D5A6B /* Schema.swift */,
				E1916FC4113359563C4205F1 /* SetLogQueue.swift */,
			);
			path = Storage;
			sourceTree = "<group>";
		};
		C956B7C72DFE52C7EACA126E /* Services */ = {
			isa = PBXGroup;
			children = (
				F655A8E66E4870DFFB6EBA41 /* AppContextCoordinator.swift */,
				E1E7FBAD4AE7AF8E526AC62E /* AppCoordinator.swift */,
				1FEDDA61FF05A486C8F95F98 /* AppV2Bootstrap.swift */,
				5CF4706CEA962FA2A8E7F5D4 /* AudioPlaybackService.swift */,
				D10CF5BBED79F3B2BAA5A0B9 /* CalendarManager.swift */,
				BCD520F14145C721CB957282 /* ChatImageStore.swift */,
				4540556E737B1FF782CE9556 /* ChatPrewarmer.swift */,
				3C6A33B378AA0CC36F2DE37A /* ConnectivityMonitor.swift */,
				17900485123C543C21298F5A /* ExerciseImageCache.swift */,
				2B40F32A70A80FF764EB592B /* HealthBackgroundTask.swift */,
				3DC04EA76CC0F89FF14E7849 /* HealthHistory.swift */,
				FE1A573133241875D7269CED /* HealthManager.swift */,
				6A7B2AACD776CE3B037E3691 /* HealthRequests.swift */,
				F5A055AF8989128A047D605C /* HealthSync.swift */,
				F0C84294434D6D5A3845BD5D /* HealthUpload.swift */,
				2EB360836F87EDA3890F1E5B /* HrSpikeDetector.swift */,
				C7F32FF80D3E90C60D06FDC3 /* InboundDispatcherV2.swift */,
				BD51F238E46BCB805C742CEE /* LocationManager.swift */,
				B2BB3949271147491E3FA597 /* ProactiveDispatcher.swift */,
				8B288DE4478FD534ADB9C861 /* RestTimer.swift */,
				E8D8F2B9D8F6461190029F75 /* SpeechManager.swift */,
				1DEE7B678DE38F9253E0F483 /* SpeechSynthesizer.swift */,
				EF942308460AF6C2A8AE638E /* StateService.swift */,
				B08ADF5C053B4AD89D3CD44E /* StatusV2.swift */,
				679495851538B21ECAB0FF20 /* TransportV2.swift */,
				A07EC072A68CDC8A092D7A94 /* URLSessionWebSocket.swift */,
				F4800B2F3554B52EE041BEAD /* VoiceLoopController.swift */,
				B17C0619207CE65994BF0385 /* WatchConnectivityBridge.swift */,
				703546F90859B4BA021E0CC9 /* WebSocketClientV2.swift */,
				FC317B371153E91110B04D96 /* WorkoutCoordinator.swift */,
				294C253860B67EF3201B2370 /* WorkoutInbound.swift */,
			);
			path = Services;
			sourceTree = "<group>";
		};
		FAB52A8BA94ED53024677170 = {
			isa = PBXGroup;
			children = (
				9143ED9DD7B640862D468B63 /* Assets.xcassets */,
				08FED5B7DD0903F841695517 /* JarvisApp */,
				6DE5125DADE6709B05736E6D /* JarvisAppTests */,
				8CAED7961B65328860378087 /* JarvisUITests */,
				4FB414BBF6CFA56887BE734C /* JarvisWatch */,
				241DC7A9A2CF5BC2D04B1BB2 /* Products */,
			);
			sourceTree = "<group>";
		};
/* End PBXGroup section */

/* Begin PBXNativeTarget section */
		0B9975CF8D6CF65CBB92C523 /* JarvisWatch */ = {
			isa = PBXNativeTarget;
			buildConfigurationList = 3BF3B161549FAF3087FB3E85 /* Build configuration list for PBXNativeTarget "JarvisWatch" */;
			buildPhases = (
				4227FB834A77F5B018F03359 /* Sources */,
			);
			buildRules = (
			);
			dependencies = (
			);
			name = JarvisWatch;
			packageProductDependencies = (
			);
			productName = JarvisWatch;
			productReference = B89708E4E59AE056D27564C3 /* JarvisWatch.app */;
			productType = "com.apple.product-type.application";
		};
		133675270B7DCB5A6F83CB87 /* JarvisUITests */ = {
			isa = PBXNativeTarget;
			buildConfigurationList = C94490005BE139B4A734A6F1 /* Build configuration list for PBXNativeTarget "JarvisUITests" */;
			buildPhases = (
				19668B2A8E5DA1C53880DBF4 /* Sources */,
			);
			buildRules = (
			);
			dependencies = (
				5DC2B60EDD54732DB1AAAA97 /* PBXTargetDependency */,
			);
			name = JarvisUITests;
			packageProductDependencies = (
			);
			productName = JarvisUITests;
			productReference = 2D4B230E77EB04B73239A542 /* JarvisUITests.xctest */;
			productType = "com.apple.product-type.bundle.ui-testing";
		};
		CE37E25EDF3A9F2A5BDA9298 /* JarvisApp */ = {
			isa = PBXNativeTarget;
			buildConfigurationList = F0EBA81C0F5F79EA2F31CADD /* Build configuration list for PBXNativeTarget "JarvisApp" */;
			buildPhases = (
				6E8423563D0FD4F8B7DD421F /* Sources */,
				029DBF72E1B4032FA292F6EE /* Resources */,
				E3A47A4D98DEA28A574DC7E2 /* Frameworks */,
			);
			buildRules = (
			);
			dependencies = (
			);
			name = JarvisApp;
			packageProductDependencies = (
				31E0AB4EF75BC659349C8E0A /* GRDB */,
			);
			productName = JarvisApp;
			productReference = 6931A58F122A71990D09EF46 /* JarvisApp.app */;
			productType = "com.apple.product-type.application";
		};
		D7529497E6C9A4267CD4764F /* JarvisAppTests */ = {
			isa = PBXNativeTarget;
			buildConfigurationList = 2F7FC497B524ADA3BE088E6B /* Build configuration list for PBXNativeTarget "JarvisAppTests" */;
			buildPhases = (
				C533AFEDAD01B9DA1BF74567 /* Sources */,
			);
			buildRules = (
			);
			dependencies = (
				AA26A3BA88789C6A170DB39B /* PBXTargetDependency */,
			);
			name = JarvisAppTests;
			packageProductDependencies = (
			);
			productName = JarvisAppTests;
			productReference = B3C4FB0DCE7115FB8C5039E7 /* JarvisAppTests.xctest */;
			productType = "com.apple.product-type.bundle.unit-test";
		};
/* End PBXNativeTarget section */

/* Begin PBXProject section */
		7DB0DAB8DB97C1CD818BB48F /* Project object */ = {
			isa = PBXProject;
			attributes = {
				BuildIndependentTargetsInParallel = YES;
				LastUpgradeCheck = 1430;
				TargetAttributes = {
					0B9975CF8D6CF65CBB92C523 = {
						DevelopmentTeam = 24Z6S27D7U;
						ProvisioningStyle = Automatic;
					};
					133675270B7DCB5A6F83CB87 = {
						DevelopmentTeam = 24Z6S27D7U;
						ProvisioningStyle = Automatic;
						TestTargetID = CE37E25EDF3A9F2A5BDA9298;
					};
					CE37E25EDF3A9F2A5BDA9298 = {
						DevelopmentTeam = 24Z6S27D7U;
						ProvisioningStyle = Automatic;
					};
					D7529497E6C9A4267CD4764F = {
						DevelopmentTeam = 24Z6S27D7U;
						ProvisioningStyle = Automatic;
					};
				};
			};
			buildConfigurationList = B4B55E25995F926AA11FA6BD /* Build configuration list for PBXProject "JarvisApp" */;
			developmentRegion = en;
			hasScannedForEncodings = 0;
			knownRegions = (
				Base,
				en,
			);
			mainGroup = FAB52A8BA94ED53024677170;
			minimizedProjectReferenceProxies = 1;
			packageReferences = (
				A840CE7DDB6B1A6D4427D64B /* XCRemoteSwiftPackageReference "GRDB.swift" */,
			);
			preferredProjectObjectVersion = 77;
			productRefGroup = 241DC7A9A2CF5BC2D04B1BB2 /* Products */;
			projectDirPath = "";
			projectRoot = "";
			targets = (
				CE37E25EDF3A9F2A5BDA9298 /* JarvisApp */,
				D7529497E6C9A4267CD4764F /* JarvisAppTests */,
				133675270B7DCB5A6F83CB87 /* JarvisUITests */,
				0B9975CF8D6CF65CBB92C523 /* JarvisWatch */,
			);
		};
/* End PBXProject section */

/* Begin PBXResourcesBuildPhase section */
		029DBF72E1B4032FA292F6EE /* Resources */ = {
			isa = PBXResourcesBuildPhase;
			buildActionMask = 2147483647;
			files = (
				ECABEF30369E237C4C4EFDA1 /* Assets.xcassets in Resources */,
			);
			runOnlyForDeploymentPostprocessing = 0;
		};
/* End PBXResourcesBuildPhase section */

/* Begin PBXSourcesBuildPhase section */
		19668B2A8E5DA1C53880DBF4 /* Sources */ = {
			isa = PBXSourcesBuildPhase;
			buildActionMask = 2147483647;
			files = (
				A19C0788C26EB264554E9F0B /* HomeViewSmokeTests.swift in Sources */,
				3B780D772FC0C9C43796F3F8 /* JarvisUITests.swift in Sources */,
				B5715D361A0394CCB595AA15 /* RightDrawerTests.swift in Sources */,
				B065348C458302F95325E16F /* ThinkingRowTests.swift in Sources */,
				D76B99448549A036E84A20B1 /* VoiceFullscreenTests.swift in Sources */,
			);
			runOnlyForDeploymentPostprocessing = 0;
		};
		4227FB834A77F5B018F03359 /* Sources */ = {
			isa = PBXSourcesBuildPhase;
			buildActionMask = 2147483647;
			files = (
				634AE794B556552200D1D06A /* JarvisWatchApp.swift in Sources */,
				B3168E41D417AECBDE8EC56A /* WatchAppState.swift in Sources */,
				5727F5346AE76836985BED3D /* WatchContentView.swift in Sources */,
				C26C3D044EC984039953DA2B /* WatchTheme.swift in Sources */,
			);
			runOnlyForDeploymentPostprocessing = 0;
		};
		6E8423563D0FD4F8B7DD421F /* Sources */ = {
			isa = PBXSourcesBuildPhase;
			buildActionMask = 2147483647;
			files = (
				7D71BB9752F92386B2FE07AA /* ActiveAgentState.swift in Sources */,
				50C5C4BB9518C430E4CC3188 /* AgentIdentity.swift in Sources */,
				FFDDDEDFC089BCE11984ECB6 /* AgentPickerInline.swift in Sources */,
				1091D28461A2EBCE460F25DD /* AppContextCoordinator.swift in Sources */,
				F41988AFB951764121A3B9D6 /* AppCoordinator.swift in Sources */,
				6C12B47D35E55D7E04E09F4A /* AppSettings.swift in Sources */,
				AB14A705BBEB71BA032EC292 /* AppV2Bootstrap.swift in Sources */,
				323B15E35E629EC77D90958C /* AttachmentBar.swift in Sources */,
				C30B04EF089F683141E1AFA9 /* AttachmentMigration.swift in Sources */,
				08609E4F72E218AADF502AA6 /* AudioPlaybackService.swift in Sources */,
				54CEE570C41AE7314548DBB8 /* CalendarManager.swift in Sources */,
				D9D85A8E3CB2F7583D9CCBB7 /* CameraPicker.swift in Sources */,
				0BD4EA7CD6A96B99D6BF0CE4 /* ChatImageStore.swift in Sources */,
				855DBD4D65B38DEAF8208626 /* ChatListItem.swift in Sources */,
				34E137370E4486A938FB89CA /* ChatPrewarmer.swift in Sources */,
				08FB138313D1EC3412C3F20E /* ChatView.swift in Sources */,
				3D5340597C1EEE0F99076ACC /* CoachBannerView.swift in Sources */,
				826C5F6B64FEBC1EE5A38CA4 /* ConnectionBanner.swift in Sources */,
				B53C92F62A47B0340DA0F933 /* ConnectivityMonitor.swift in Sources */,
				16F08295FEABD86492DF119B /* ContentView.swift in Sources */,
				1A1DCE4804FEC3BFCDBA3B05 /* ContextBuilder.swift in Sources */,
				3F93C312099CA744A20CADA7 /* ConversationStoreV2.swift in Sources */,
				BBB120F4935F0F45BA0CB826 /* DeliveryChecks.swift in Sources */,
				111316843C98101D95B9912B /* DraftAttachment.swift in Sources */,
				F17554DFDD970DD40991CF4B /* DurationCard.swift in Sources */,
				87AD40BFC10B1D04342B5E9D /* EmojiPickerView.swift in Sources */,
				3BC3B261F475A3B3A3E3FF7B /* EmptyStateView.swift in Sources */,
				7538B26F3F54F0A20083FC22 /* ExerciseBannerView.swift in Sources */,
				F5926B33AF8C019BC3EEB826 /* ExerciseCardView.swift in Sources */,
				7EED161B6F0BB654D4D9EC3C /* ExerciseImageCache.swift in Sources */,
				E772C83F0C3EC1AFB1D8C7A7 /* FocusSetCard.swift in Sources */,
				3EB9B81E598895106D47F1DB /* FullScreenImageView.swift in Sources */,
				5D14A252DCD5E3C28D7E12A4 /* GreetingBank.swift in Sources */,
				5ED5035D7E3D50CCD815D5C7 /* HeaderStatusDot.swift in Sources */,
				A2C29BF4D8C4AEF8C0B41128 /* HealthBackgroundTask.swift in Sources */,
				4C81E915D4CA0441EEA698DF /* HealthHistory.swift in Sources */,
				91941E7469BF57E69F4C9DE2 /* HealthManager.swift in Sources */,
				A5F8C491F5747A1968B734A1 /* HealthRequests.swift in Sources */,
				3199A7F9DFF9940F12F911AF /* HealthStripView.swift in Sources */,
				3F712956E032728A955B67F8 /* HealthSync.swift in Sources */,
				D1DEC103DC8758862B4FEF8A /* HealthUpload.swift in Sources */,
				A41D782127D52B65851766EB /* HrSpikeDetector.swift in Sources */,
				858C56E208CC44A2A7210E9B /* InboundDispatcherV2.swift in Sources */,
				496C7C87D93A74983F21EF54 /* InputBar.swift in Sources */,
				3502D3234561E8F256B9EAD5 /* JarvisApp.swift in Sources */,
				019B3D35D6FD41DEF8A1FCCF /* LeftDrawerContent.swift in Sources */,
				54243BCC1655A76DE5E1F02F /* LocationManager.swift in Sources */,
				73B70554FE102A25FBBF7E6B /* Log.swift in Sources */,
				F9AA4DB0A7E030CC95152A3F /* LoggedSetChips.swift in Sources */,
				1893E8E0527760F1BA33302A /* MarkdownText.swift in Sources */,
				8CF67025E9C5AC703F0F422B /* Message.swift in Sources */,
				11B08BC875BE39607D9034DF /* MessageListView.swift in Sources */,
				808F62D50A3B14CCF3E62EA5 /* MessageRow.swift in Sources */,
				5F58758FB0396652855980DE /* MessageTimeline.swift in Sources */,
				B88D79F57FB96DD1EE3F983E /* MiniOrbView.swift in Sources */,
				88708A700369B47D5472A1C2 /* OrbHomeView.swift in Sources */,
				1F82065F678FCE50DD97667F /* OrbInputBar.swift in Sources */,
				E653E1C200C705930FF7958A /* OrbView.swift in Sources */,
				E6E530C0A21C5E4FFFC04F9A /* OrbVoiceView.swift in Sources */,
				D8C071DDEDA0C58A157A3EA7 /* ProactiveDispatcher.swift in Sources */,
				98F737F103D466758E1DAE3D /* ProfileView.swift in Sources */,
				BF50AF6B8D8D1D5E89097A68 /* RecommendationPanel.swift in Sources */,
				C209817F4DB4B298ACFD7237 /* RestTimer.swift in Sources */,
				4A6AB9D56E2065680B3749AA /* RestTimerOverlay.swift in Sources */,
				25CF2928D7A95077DF5F7FEF /* RightDrawerContent.swift in Sources */,
				BFB6217B793B7BF6A19ECF93 /* RingView.swift in Sources */,
				9B25460C1039295CFA4B156D /* Schema.swift in Sources */,
				AB4EE93B40C86DA9562B6112 /* ServerConfig.swift in Sources */,
				8FD8CF0ADA1C202FEDA828D9 /* SetLogQueue.swift in Sources */,
				BF081A3591467809EC839078 /* SettingsView.swift in Sources */,
				461CEB084ABB3FAFC32124BC /* SpeechManager.swift in Sources */,
				298B9483C7C8766EF3A807D7 /* SpeechSynthesizer.swift in Sources */,
				0BFCBCBFAB94DCD9F3E01013 /* StateBoardView.swift in Sources */,
				42E66BF9F453D484DC371DC0 /* StateModel.swift in Sources */,
				EA5F7794D8CE0B26CC3A3D66 /* StateService.swift in Sources */,
				4E3C2BC7DEE98EE4B972F929 /* StatusV2.swift in Sources */,
				1BF9D875BB13EDA56697C5D8 /* StoredAction.swift in Sources */,
				6D8495EB5E5BBEC56CF69D29 /* StoredAttachment.swift in Sources */,
				974A0C8C09364FC532E6BEE1 /* SuggestionEngine.swift in Sources */,
				8D619B38C4EE99D072145A51 /* SwapSheet.swift in Sources */,
				40BD7B10477CDAA66330969D /* Theme.swift in Sources */,
				978C2411C830BBFCD8AEC9B1 /* TransportV2.swift in Sources */,
				F8EE3CFA6A3BE4763FEEA0AA /* URLSessionWebSocket.swift in Sources */,
				2B5AD345B9E6DD536F03540D /* UnifiedInputBar.swift in Sources */,
				B274F6D0E73327D5E6CFF8E6 /* V2.swift in Sources */,
				7DC25537E427E9625F7151DA /* VoiceLoopController.swift in Sources */,
				E0C11524F945712AD1DD5BED /* WatchConnectivityBridge.swift in Sources */,
				04BF92A9F9E6F66E24B402AF /* WebSocketClientV2.swift in Sources */,
				EBE65DB8F5AA50665E549127 /* Workout.swift in Sources */,
				63E803FD761E0475224CD876 /* WorkoutCoordinator.swift in Sources */,
				A05233D6EF80D4FEF4A63605 /* WorkoutFinishView.swift in Sources */,
				001749B059E353F7F0B30ADF /* WorkoutInbound.swift in Sources */,
				3AB8641347ABF4C946F55CD5 /* WorkoutPreviewView.swift in Sources */,
				7C6244BC22EF9490B6F5527A /* WorkoutRunnerLogic.swift in Sources */,
				B440ABE6DCF344D540E5C3F0 /* WorkoutSetFormat.swift in Sources */,
				81782C95746BFB6B3D396FF9 /* WorkoutView.swift in Sources */,
			);
			runOnlyForDeploymentPostprocessing = 0;
		};
		C533AFEDAD01B9DA1BF74567 /* Sources */ = {
			isa = PBXSourcesBuildPhase;
			buildActionMask = 2147483647;
			files = (
				D6AB552551DC96D807F9D72E /* ActiveAgentStateTests.swift in Sources */,
				776CC332C08FABE24DB90627 /* AgentIdentityTests.swift in Sources */,
				AFFBB9A3F440BF8A16D6FDCB /* AppV2BootstrapTests.swift in Sources */,
				699907BA215423494BD29F45 /* AttachmentMigrationTests.swift in Sources */,
				BCBD06C80CD5BBDA022438E1 /* ChatImageMappingTests.swift in Sources */,
				617682909F57CF4FA5FBFC89 /* ChatImageStoreTests.swift in Sources */,
				B24B74F2D86B5F7D20354B2F /* ChatListItemTests.swift in Sources */,
				F60AEA2782AA92F7604C222F /* ChatViewAgentFilterTests.swift in Sources */,
				4F6A7B2753439E98EEC8AB93 /* ContextBuilderTests.swift in Sources */,
				DEFAB6DF33649249BC9C24E7 /* ConversationStoreV2AgentTests.swift in Sources */,
				EE49457CC13C07D3BF6CCEDD /* DeliveryChecksTests.swift in Sources */,
				54B5F596338B0F2E4A7224E2 /* E2EHarness.swift in Sources */,
				7FAF52A22114FBF880E1348F /* ExerciseImageCacheTests.swift in Sources */,
				4AA4A9E6701037C12967B46D /* GreetingBankTests.swift in Sources */,
				71563F3FE9AB291D623066B4 /* HappyPathE2ETests.swift in Sources */,
				BA63D1A5A6AFDD559D9911A0 /* HeaderStatusDotTests.swift in Sources */,
				8A65BFEE4DF577F0BCA79D78 /* HealthBackgroundTaskTests.swift in Sources */,
				B377A0764FF637C59A620237 /* HealthHistoryTests.swift in Sources */,
				C00FE8906E1739C80BA7568D /* HealthSyncTests.swift in Sources */,
				57F5539A7DC6FCCA4A9B559C /* HrSpikeDetectorTests.swift in Sources */,
				56B061FF1873633D7665141C /* InboundDispatcherV2Tests.swift in Sources */,
				250E4BBF96D871228E8E7C41 /* MarkdownTextTests.swift in Sources */,
				44C86F549EEFDBA9707EDAF3 /* MessageMappingTests.swift in Sources */,
				8531C905F9FA67452EC50A43 /* MessageTimelineTests.swift in Sources */,
				BF58EAFF2DE5684C36E1270D /* PendingScenariosE2ETests.swift in Sources */,
				1FAD03AF3885E619267E3CA1 /* ProactiveDispatcherTests.swift in Sources */,
				D05803775850CAC962777383 /* ProtocolFixtureTests.swift in Sources */,
				4BF4C88458642156C18BD71E /* RestTimerTests.swift in Sources */,
				448AB35003310B3C4C2C14AA /* SchemaV3MigrationTests.swift in Sources */,
				59423F16C2BD22F74CCAFC27 /* SetLogQueueTests.swift in Sources */,
				7C833BBFCFDD41382E8448F4 /* StateBoardViewTests.swift in Sources */,
				8B8DBA1244BFD9A7D1B54CF0 /* StateModelTests.swift in Sources */,
				E45B2D67CDD9B59EBFC1ADD3 /* StoredAttachmentTests.swift in Sources */,
				645FF687262BEFAE63D2A508 /* SwapSheetTests.swift in Sources */,
				E550AC2144D0483451564D50 /* TransportV2Tests.swift in Sources */,
				920E2AE3DB5215DAE666BF65 /* TransportV2WorkoutInboundTests.swift in Sources */,
				3CBB91784B65C8CA4A702AF6 /* TransportV2WorkoutTests.swift in Sources */,
				2F3C11438165573EE2B54B7D /* VoiceLoopControllerTests.swift in Sources */,
				79863C9C38EE621B71898E1D /* VoiceOnlyStoreTests.swift in Sources */,
				ED86C8462FA285929BB5D83B /* WatchConnectivityBridgeTests.swift in Sources */,
				3F96CFAAAC9E74E605B6D4B4 /* WebSocketClientV2Tests.swift in Sources */,
				A49EE6DDF7DC25A2C72175B3 /* WorkoutCardIntegrationTests.swift in Sources */,
				1D26F1F3F0A2B7924261909D /* WorkoutCoordinatorTests.swift in Sources */,
				1B33CCD98E3BD43B19837659 /* WorkoutFormatTests.swift in Sources */,
				C1360BFA240455586946FC50 /* WorkoutModelsTests.swift in Sources */,
				E7164107E2BB7BC0D8A356CB /* WorkoutPlanDecodeTests.swift in Sources */,
				959453A92AA1D6910B038CC4 /* WorkoutPlanRealEnvelopeTests.swift in Sources */,
				0F7D198D445B06AD693036EF /* WorkoutPreviewUpdateTests.swift in Sources */,
				E76647B937E3C7A455964FC8 /* WorkoutRunnerLogicTests.swift in Sources */,
			);
			runOnlyForDeploymentPostprocessing = 0;
		};
/* End PBXSourcesBuildPhase section */

/* Begin PBXTargetDependency section */
		5DC2B60EDD54732DB1AAAA97 /* PBXTargetDependency */ = {
			isa = PBXTargetDependency;
			target = CE37E25EDF3A9F2A5BDA9298 /* JarvisApp */;
			targetProxy = 79F756AC1AF2D1E3D1048A9B /* PBXContainerItemProxy */;
		};
		AA26A3BA88789C6A170DB39B /* PBXTargetDependency */ = {
			isa = PBXTargetDependency;
			target = CE37E25EDF3A9F2A5BDA9298 /* JarvisApp */;
			targetProxy = A8D27FD14C2CAA2E6F601432 /* PBXContainerItemProxy */;
		};
/* End PBXTargetDependency section */

/* Begin XCBuildConfiguration section */
		0327BCE894E7AD89534735C9 /* Release */ = {
			isa = XCBuildConfiguration;
			buildSettings = {
				ASSETCATALOG_COMPILER_APPICON_NAME = AppIcon;
				CODE_SIGN_STYLE = Automatic;
				DEVELOPMENT_TEAM = 24Z6S27D7U;
				GENERATE_INFOPLIST_FILE = NO;
				INFOPLIST_FILE = Sources/JarvisWatch/Info.plist;
				INFOPLIST_KEY_CFBundleDisplayName = Jarvis;
				PRODUCT_BUNDLE_IDENTIFIER = com.vasechko.jarvis.watch;
				PRODUCT_NAME = JarvisWatch;
				SDKROOT = watchos;
				SKIP_INSTALL = YES;
				SUPPORTS_MACCATALYST = NO;
				SWIFT_VERSION = 5.9;
				TARGETED_DEVICE_FAMILY = 4;
				WATCHOS_DEPLOYMENT_TARGET = 10.0;
			};
			name = Release;
		};
		09CA5CFC2A58CE130E4CF8AD /* Release */ = {
			isa = XCBuildConfiguration;
			buildSettings = {
				ASSETCATALOG_COMPILER_APPICON_NAME = AppIcon;
				CODE_SIGN_ENTITLEMENTS = JarvisApp.entitlements;
				CODE_SIGN_IDENTITY = "iPhone Developer";
				CODE_SIGN_STYLE = Automatic;
				CURRENT_PROJECT_VERSION = 57;
				DEVELOPMENT_TEAM = 24Z6S27D7U;
				ENABLE_USER_SCRIPT_SANDBOXING = YES;
				INFOPLIST_FILE = Info.plist;
				INFOPLIST_KEY_CFBundleDisplayName = Jarvis;
				LD_RUNPATH_SEARCH_PATHS = (
					"$(inherited)",
					"@executable_path/Frameworks",
				);
				MARKETING_VERSION = 1.12.0;
				PRODUCT_BUNDLE_IDENTIFIER = com.vasechko.jarvis;
				PRODUCT_NAME = Jarvis;
				SDKROOT = iphoneos;
				SWIFT_VERSION = 5.9;
				TARGETED_DEVICE_FAMILY = "1,2";
			};
			name = Release;
		};
		4ADDAA5B2A3145E9C37FB2D9 /* Debug */ = {
			isa = XCBuildConfiguration;
			buildSettings = {
				BUNDLE_LOADER = "$(TEST_HOST)";
				CODE_SIGN_STYLE = Automatic;
				DEVELOPMENT_TEAM = 24Z6S27D7U;
				GENERATE_INFOPLIST_FILE = YES;
				LD_RUNPATH_SEARCH_PATHS = (
					"$(inherited)",
					"@executable_path/Frameworks",
					"@loader_path/Frameworks",
				);
				PRODUCT_BUNDLE_IDENTIFIER = com.vasechko.jarvis.uitests;
				SDKROOT = iphoneos;
				SWIFT_VERSION = 5.9;
				TARGETED_DEVICE_FAMILY = "1,2";
				TEST_TARGET_NAME = JarvisApp;
			};
			name = Debug;
		};
		6B647F87BE13951A030879F5 /* Debug */ = {
			isa = XCBuildConfiguration;
			buildSettings = {
				ALWAYS_SEARCH_USER_PATHS = NO;
				CLANG_ANALYZER_NONNULL = YES;
				CLANG_ANALYZER_NUMBER_OBJECT_CONVERSION = YES_AGGRESSIVE;
				CLANG_CXX_LANGUAGE_STANDARD = "gnu++14";
				CLANG_CXX_LIBRARY = "libc++";
				CLANG_ENABLE_MODULES = YES;
				CLANG_ENABLE_OBJC_ARC = YES;
				CLANG_ENABLE_OBJC_WEAK = YES;
				CLANG_WARN_BLOCK_CAPTURE_AUTORELEASING = YES;
				CLANG_WARN_BOOL_CONVERSION = YES;
				CLANG_WARN_COMMA = YES;
				CLANG_WARN_CONSTANT_CONVERSION = YES;
				CLANG_WARN_DEPRECATED_OBJC_IMPLEMENTATIONS = YES;
				CLANG_WARN_DIRECT_OBJC_ISA_USAGE = YES_ERROR;
				CLANG_WARN_DOCUMENTATION_COMMENTS = YES;
				CLANG_WARN_EMPTY_BODY = YES;
				CLANG_WARN_ENUM_CONVERSION = YES;
				CLANG_WARN_INFINITE_RECURSION = YES;
				CLANG_WARN_INT_CONVERSION = YES;
				CLANG_WARN_NON_LITERAL_NULL_CONVERSION = YES;
				CLANG_WARN_OBJC_IMPLICIT_RETAIN_SELF = YES;
				CLANG_WARN_OBJC_LITERAL_CONVERSION = YES;
				CLANG_WARN_OBJC_ROOT_CLASS = YES_ERROR;
				CLANG_WARN_QUOTED_INCLUDE_IN_FRAMEWORK_HEADER = YES;
				CLANG_WARN_RANGE_LOOP_ANALYSIS = YES;
				CLANG_WARN_STRICT_PROTOTYPES = YES;
				CLANG_WARN_SUSPICIOUS_MOVE = YES;
				CLANG_WARN_UNGUARDED_AVAILABILITY = YES_AGGRESSIVE;
				CLANG_WARN_UNREACHABLE_CODE = YES;
				CLANG_WARN__DUPLICATE_METHOD_MATCH = YES;
				COPY_PHASE_STRIP = NO;
				DEBUG_INFORMATION_FORMAT = dwarf;
				DEVELOPMENT_TEAM = 24Z6S27D7U;
				ENABLE_STRICT_OBJC_MSGSEND = YES;
				ENABLE_TESTABILITY = YES;
				GCC_C_LANGUAGE_STANDARD = gnu11;
				GCC_DYNAMIC_NO_PIC = NO;
				GCC_NO_COMMON_BLOCKS = YES;
				GCC_OPTIMIZATION_LEVEL = 0;
				GCC_PREPROCESSOR_DEFINITIONS = (
					"$(inherited)",
					"DEBUG=1",
				);
				GCC_WARN_64_TO_32_BIT_CONVERSION = YES;
				GCC_WARN_ABOUT_RETURN_TYPE = YES_ERROR;
				GCC_WARN_UNDECLARED_SELECTOR = YES;
				GCC_WARN_UNINITIALIZED_AUTOS = YES_AGGRESSIVE;
				GCC_WARN_UNUSED_FUNCTION = YES;
				GCC_WARN_UNUSED_VARIABLE = YES;
				IPHONEOS_DEPLOYMENT_TARGET = 18.0;
				MTL_ENABLE_DEBUG_INFO = INCLUDE_SOURCE;
				MTL_FAST_MATH = YES;
				ONLY_ACTIVE_ARCH = YES;
				PRODUCT_NAME = "$(TARGET_NAME)";
				SWIFT_ACTIVE_COMPILATION_CONDITIONS = DEBUG;
				SWIFT_EMIT_LOC_STRINGS = YES;
				SWIFT_OPTIMIZATION_LEVEL = "-Onone";
				SWIFT_VERSION = 5.0;
			};
			name = Debug;
		};
		70DF7059D39A165EB92211CF /* Debug */ = {
			isa = XCBuildConfiguration;
			buildSettings = {
				BUNDLE_LOADER = "$(TEST_HOST)";
				CODE_SIGN_STYLE = Automatic;
				DEVELOPMENT_TEAM = 24Z6S27D7U;
				GENERATE_INFOPLIST_FILE = YES;
				LD_RUNPATH_SEARCH_PATHS = (
					"$(inherited)",
					"@executable_path/Frameworks",
					"@loader_path/Frameworks",
				);
				PRODUCT_BUNDLE_IDENTIFIER = com.vasechko.jarvis.unittests;
				SDKROOT = iphoneos;
				SWIFT_VERSION = 5.9;
				TARGETED_DEVICE_FAMILY = "1,2";
				TEST_HOST = "$(BUILT_PRODUCTS_DIR)/Jarvis.app/Jarvis";
			};
			name = Debug;
		};
		7E467C9F0D2D824F701729CB /* Release */ = {
			isa = XCBuildConfiguration;
			buildSettings = {
				BUNDLE_LOADER = "$(TEST_HOST)";
				CODE_SIGN_STYLE = Automatic;
				DEVELOPMENT_TEAM = 24Z6S27D7U;
				GENERATE_INFOPLIST_FILE = YES;
				LD_RUNPATH_SEARCH_PATHS = (
					"$(inherited)",
					"@executable_path/Frameworks",
					"@loader_path/Frameworks",
				);
				PRODUCT_BUNDLE_IDENTIFIER = com.vasechko.jarvis.uitests;
				SDKROOT = iphoneos;
				SWIFT_VERSION = 5.9;
				TARGETED_DEVICE_FAMILY = "1,2";
				TEST_TARGET_NAME = JarvisApp;
			};
			name = Release;
		};
		8AB5F4DB42104D611E49ECC8 /* Release */ = {
			isa = XCBuildConfiguration;
			buildSettings = {
				BUNDLE_LOADER = "$(TEST_HOST)";
				CODE_SIGN_STYLE = Automatic;
				DEVELOPMENT_TEAM = 24Z6S27D7U;
				GENERATE_INFOPLIST_FILE = YES;
				LD_RUNPATH_SEARCH_PATHS = (
					"$(inherited)",
					"@executable_path/Frameworks",
					"@loader_path/Frameworks",
				);
				PRODUCT_BUNDLE_IDENTIFIER = com.vasechko.jarvis.unittests;
				SDKROOT = iphoneos;
				SWIFT_VERSION = 5.9;
				TARGETED_DEVICE_FAMILY = "1,2";
				TEST_HOST = "$(BUILT_PRODUCTS_DIR)/Jarvis.app/Jarvis";
			};
			name = Release;
		};
		99D81371D0109E3E98B566D2 /* Debug */ = {
			isa = XCBuildConfiguration;
			buildSettings = {
				ASSETCATALOG_COMPILER_APPICON_NAME = AppIcon;
				CODE_SIGN_STYLE = Automatic;
				DEVELOPMENT_TEAM = 24Z6S27D7U;
				GENERATE_INFOPLIST_FILE = NO;
				INFOPLIST_FILE = Sources/JarvisWatch/Info.plist;
				INFOPLIST_KEY_CFBundleDisplayName = Jarvis;
				PRODUCT_BUNDLE_IDENTIFIER = com.vasechko.jarvis.watch;
				PRODUCT_NAME = JarvisWatch;
				SDKROOT = watchos;
				SKIP_INSTALL = YES;
				SUPPORTS_MACCATALYST = NO;
				SWIFT_VERSION = 5.9;
				TARGETED_DEVICE_FAMILY = 4;
				WATCHOS_DEPLOYMENT_TARGET = 10.0;
			};
			name = Debug;
		};
		B18E79404590D18382DEB0FC /* Release */ = {
			isa = XCBuildConfiguration;
			buildSettings = {
				ALWAYS_SEARCH_USER_PATHS = NO;
				CLANG_ANALYZER_NONNULL = YES;
				CLANG_ANALYZER_NUMBER_OBJECT_CONVERSION = YES_AGGRESSIVE;
				CLANG_CXX_LANGUAGE_STANDARD = "gnu++14";
				CLANG_CXX_LIBRARY = "libc++";
				CLANG_ENABLE_MODULES = YES;
				CLANG_ENABLE_OBJC_ARC = YES;
				CLANG_ENABLE_OBJC_WEAK = YES;
				CLANG_WARN_BLOCK_CAPTURE_AUTORELEASING = YES;
				CLANG_WARN_BOOL_CONVERSION = YES;
				CLANG_WARN_COMMA = YES;
				CLANG_WARN_CONSTANT_CONVERSION = YES;
				CLANG_WARN_DEPRECATED_OBJC_IMPLEMENTATIONS = YES;
				CLANG_WARN_DIRECT_OBJC_ISA_USAGE = YES_ERROR;
				CLANG_WARN_DOCUMENTATION_COMMENTS = YES;
				CLANG_WARN_EMPTY_BODY = YES;
				CLANG_WARN_ENUM_CONVERSION = YES;
				CLANG_WARN_INFINITE_RECURSION = YES;
				CLANG_WARN_INT_CONVERSION = YES;
				CLANG_WARN_NON_LITERAL_NULL_CONVERSION = YES;
				CLANG_WARN_OBJC_IMPLICIT_RETAIN_SELF = YES;
				CLANG_WARN_OBJC_LITERAL_CONVERSION = YES;
				CLANG_WARN_OBJC_ROOT_CLASS = YES_ERROR;
				CLANG_WARN_QUOTED_INCLUDE_IN_FRAMEWORK_HEADER = YES;
				CLANG_WARN_RANGE_LOOP_ANALYSIS = YES;
				CLANG_WARN_STRICT_PROTOTYPES = YES;
				CLANG_WARN_SUSPICIOUS_MOVE = YES;
				CLANG_WARN_UNGUARDED_AVAILABILITY = YES_AGGRESSIVE;
				CLANG_WARN_UNREACHABLE_CODE = YES;
				CLANG_WARN__DUPLICATE_METHOD_MATCH = YES;
				COPY_PHASE_STRIP = NO;
				DEBUG_INFORMATION_FORMAT = "dwarf-with-dsym";
				DEVELOPMENT_TEAM = 24Z6S27D7U;
				ENABLE_NS_ASSERTIONS = NO;
				ENABLE_STRICT_OBJC_MSGSEND = YES;
				GCC_C_LANGUAGE_STANDARD = gnu11;
				GCC_NO_COMMON_BLOCKS = YES;
				GCC_WARN_64_TO_32_BIT_CONVERSION = YES;
				GCC_WARN_ABOUT_RETURN_TYPE = YES_ERROR;
				GCC_WARN_UNDECLARED_SELECTOR = YES;
				GCC_WARN_UNINITIALIZED_AUTOS = YES_AGGRESSIVE;
				GCC_WARN_UNUSED_FUNCTION = YES;
				GCC_WARN_UNUSED_VARIABLE = YES;
				IPHONEOS_DEPLOYMENT_TARGET = 18.0;
				MTL_ENABLE_DEBUG_INFO = NO;
				MTL_FAST_MATH = YES;
				PRODUCT_NAME = "$(TARGET_NAME)";
				SWIFT_COMPILATION_MODE = wholemodule;
				SWIFT_EMIT_LOC_STRINGS = YES;
				SWIFT_OPTIMIZATION_LEVEL = "-O";
				SWIFT_VERSION = 5.0;
			};
			name = Release;
		};
		B5955FF2DEE7496AB605E18D /* Debug */ = {
			isa = XCBuildConfiguration;
			buildSettings = {
				ASSETCATALOG_COMPILER_APPICON_NAME = AppIcon;
				CODE_SIGN_ENTITLEMENTS = JarvisApp.entitlements;
				CODE_SIGN_IDENTITY = "iPhone Developer";
				CODE_SIGN_STYLE = Automatic;
				CURRENT_PROJECT_VERSION = 57;
				DEVELOPMENT_TEAM = 24Z6S27D7U;
				ENABLE_USER_SCRIPT_SANDBOXING = YES;
				INFOPLIST_FILE = Info.plist;
				INFOPLIST_KEY_CFBundleDisplayName = Jarvis;
				LD_RUNPATH_SEARCH_PATHS = (
					"$(inherited)",
					"@executable_path/Frameworks",
				);
				MARKETING_VERSION = 1.12.0;
				PRODUCT_BUNDLE_IDENTIFIER = com.vasechko.jarvis;
				PRODUCT_NAME = Jarvis;
				SDKROOT = iphoneos;
				SWIFT_VERSION = 5.9;
				TARGETED_DEVICE_FAMILY = "1,2";
			};
			name = Debug;
		};
/* End XCBuildConfiguration section */

/* Begin XCConfigurationList section */
		2F7FC497B524ADA3BE088E6B /* Build configuration list for PBXNativeTarget "JarvisAppTests" */ = {
			isa = XCConfigurationList;
			buildConfigurations = (
				70DF7059D39A165EB92211CF /* Debug */,
				8AB5F4DB42104D611E49ECC8 /* Release */,
			);
			defaultConfigurationIsVisible = 0;
			defaultConfigurationName = Debug;
		};
		3BF3B161549FAF3087FB3E85 /* Build configuration list for PBXNativeTarget "JarvisWatch" */ = {
			isa = XCConfigurationList;
			buildConfigurations = (
				99D81371D0109E3E98B566D2 /* Debug */,
				0327BCE894E7AD89534735C9 /* Release */,
			);
			defaultConfigurationIsVisible = 0;
			defaultConfigurationName = Debug;
		};
		B4B55E25995F926AA11FA6BD /* Build configuration list for PBXProject "JarvisApp" */ = {
			isa = XCConfigurationList;
			buildConfigurations = (
				6B647F87BE13951A030879F5 /* Debug */,
				B18E79404590D18382DEB0FC /* Release */,
			);
			defaultConfigurationIsVisible = 0;
			defaultConfigurationName = Debug;
		};
		C94490005BE139B4A734A6F1 /* Build configuration list for PBXNativeTarget "JarvisUITests" */ = {
			isa = XCConfigurationList;
			buildConfigurations = (
				4ADDAA5B2A3145E9C37FB2D9 /* Debug */,
				7E467C9F0D2D824F701729CB /* Release */,
			);
			defaultConfigurationIsVisible = 0;
			defaultConfigurationName = Debug;
		};
		F0EBA81C0F5F79EA2F31CADD /* Build configuration list for PBXNativeTarget "JarvisApp" */ = {
			isa = XCConfigurationList;
			buildConfigurations = (
				B5955FF2DEE7496AB605E18D /* Debug */,
				09CA5CFC2A58CE130E4CF8AD /* Release */,
			);
			defaultConfigurationIsVisible = 0;
			defaultConfigurationName = Debug;
		};
/* End XCConfigurationList section */

/* Begin XCRemoteSwiftPackageReference section */
		A840CE7DDB6B1A6D4427D64B /* XCRemoteSwiftPackageReference "GRDB.swift" */ = {
			isa = XCRemoteSwiftPackageReference;
			repositoryURL = "https://github.com/groue/GRDB.swift.git";
			requirement = {
				kind = upToNextMajorVersion;
				minimumVersion = 6.29.0;
			};
		};
/* End XCRemoteSwiftPackageReference section */

/* Begin XCSwiftPackageProductDependency section */
		31E0AB4EF75BC659349C8E0A /* GRDB */ = {
			isa = XCSwiftPackageProductDependency;
			package = A840CE7DDB6B1A6D4427D64B /* XCRemoteSwiftPackageReference "GRDB.swift" */;
			productName = GRDB;
		};
/* End XCSwiftPackageProductDependency section */
	};
	rootObject = 7DB0DAB8DB97C1CD818BB48F /* Project object */;
}
